// !$*UTF8*$!
{
	archiveVersion = 1;
	classes = {
	};
	objectVersion = 55;
	objects = {

/* Begin PBXBuildFile section */
		BA27023128CF5DCD0039D9EA /* Coordinator.swift in Sources */ = {isa = PBXBuildFile; fileRef = BA27023028CF5DCD0039D9EA /* Coordinator.swift */; };
		BA27023928CF60570039D9EA /* SnapKit in Frameworks */ = {isa = PBXBuildFile; productRef = BA27023828CF60570039D9EA /* SnapKit */; };
		BA27023C28CF606A0039D9EA /* Then in Frameworks */ = {isa = PBXBuildFile; productRef = BA27023B28CF606A0039D9EA /* Then */; };
		BA27023F28CF60830039D9EA /* Alamofire in Frameworks */ = {isa = PBXBuildFile; productRef = BA27023E28CF60830039D9EA /* Alamofire */; };
		BA27024228CF60A30039D9EA /* RxCocoa in Frameworks */ = {isa = PBXBuildFile; productRef = BA27024128CF60A30039D9EA /* RxCocoa */; };
		BA27024428CF60A30039D9EA /* RxSwift in Frameworks */ = {isa = PBXBuildFile; productRef = BA27024328CF60A30039D9EA /* RxSwift */; };
		BA27024728CF61020039D9EA /* Kingfisher in Frameworks */ = {isa = PBXBuildFile; productRef = BA27024628CF61020039D9EA /* Kingfisher */; };
		BA27024928CF618E0039D9EA /* HomeCoordinator.swift in Sources */ = {isa = PBXBuildFile; fileRef = BA27024828CF618E0039D9EA /* HomeCoordinator.swift */; };
		E505D9EB28CF5B4A00EEFC65 /* AppDelegate.swift in Sources */ = {isa = PBXBuildFile; fileRef = E505D9EA28CF5B4A00EEFC65 /* AppDelegate.swift */; };
		E505D9ED28CF5B4A00EEFC65 /* SceneDelegate.swift in Sources */ = {isa = PBXBuildFile; fileRef = E505D9EC28CF5B4A00EEFC65 /* SceneDelegate.swift */; };
		E505D9EF28CF5B4A00EEFC65 /* HomeViewController.swift in Sources */ = {isa = PBXBuildFile; fileRef = E505D9EE28CF5B4A00EEFC65 /* HomeViewController.swift */; };
		E505D9F428CF5B4B00EEFC65 /* Assets.xcassets in Resources */ = {isa = PBXBuildFile; fileRef = E505D9F328CF5B4B00EEFC65 /* Assets.xcassets */; };
		E505D9F728CF5B4B00EEFC65 /* LaunchScreen.storyboard in Resources */ = {isa = PBXBuildFile; fileRef = E505D9F528CF5B4B00EEFC65 /* LaunchScreen.storyboard */; };
/* End PBXBuildFile section */

/* Begin PBXFileReference section */
		BA27023028CF5DCD0039D9EA /* Coordinator.swift */ = {isa = PBXFileReference; lastKnownFileType = sourcecode.swift; path = Coordinator.swift; sourceTree = "<group>"; };
		BA27024828CF618E0039D9EA /* HomeCoordinator.swift */ = {isa = PBXFileReference; lastKnownFileType = sourcecode.swift; path = HomeCoordinator.swift; sourceTree = "<group>"; };
		E505D9E728CF5B4A00EEFC65 /* PPAK_CVS.app */ = {isa = PBXFileReference; explicitFileType = wrapper.application; includeInIndex = 0; path = PPAK_CVS.app; sourceTree = BUILT_PRODUCTS_DIR; };
		E505D9EA28CF5B4A00EEFC65 /* AppDelegate.swift */ = {isa = PBXFileReference; lastKnownFileType = sourcecode.swift; path = AppDelegate.swift; sourceTree = "<group>"; };
		E505D9EC28CF5B4A00EEFC65 /* SceneDelegate.swift */ = {isa = PBXFileReference; lastKnownFileType = sourcecode.swift; path = SceneDelegate.swift; sourceTree = "<group>"; };
		E505D9EE28CF5B4A00EEFC65 /* HomeViewController.swift */ = {isa = PBXFileReference; lastKnownFileType = sourcecode.swift; path = HomeViewController.swift; sourceTree = "<group>"; };
		E505D9F328CF5B4B00EEFC65 /* Assets.xcassets */ = {isa = PBXFileReference; lastKnownFileType = folder.assetcatalog; path = Assets.xcassets; sourceTree = "<group>"; };
		E505D9F628CF5B4B00EEFC65 /* Base */ = {isa = PBXFileReference; lastKnownFileType = file.storyboard; name = Base; path = Base.lproj/LaunchScreen.storyboard; sourceTree = "<group>"; };
		E505D9F828CF5B4B00EEFC65 /* Info.plist */ = {isa = PBXFileReference; lastKnownFileType = text.plist.xml; path = Info.plist; sourceTree = "<group>"; };
/* End PBXFileReference section */

/* Begin PBXFrameworksBuildPhase section */
		E505D9E428CF5B4A00EEFC65 /* Frameworks */ = {
			isa = PBXFrameworksBuildPhase;
			buildActionMask = 2147483647;
			files = (
				BA27024728CF61020039D9EA /* Kingfisher in Frameworks */,
				BA27023F28CF60830039D9EA /* Alamofire in Frameworks */,
				BA27023928CF60570039D9EA /* SnapKit in Frameworks */,
				BA27024428CF60A30039D9EA /* RxSwift in Frameworks */,
				BA27024228CF60A30039D9EA /* RxCocoa in Frameworks */,
				BA27023C28CF606A0039D9EA /* Then in Frameworks */,
			);
			runOnlyForDeploymentPostprocessing = 0;
		};
/* End PBXFrameworksBuildPhase section */

/* Begin PBXGroup section */
		BA27023228CF5EF30039D9EA /* Configuration */ = {
			isa = PBXGroup;
			children = (
				BA27023428CF5F0D0039D9EA /* Assets */,
				BA27023528CF5F180039D9EA /* Base */,
			);
			path = Configuration;
			sourceTree = "<group>";
		};
		BA27023328CF5EFF0039D9EA /* Source */ = {
			isa = PBXGroup;
			children = (
				E505D9EA28CF5B4A00EEFC65 /* AppDelegate.swift */,
				BA27023028CF5DCD0039D9EA /* Coordinator.swift */,
				E505D9EC28CF5B4A00EEFC65 /* SceneDelegate.swift */,
				BA27023628CF5F580039D9EA /* Home */,
			);
			path = Source;
			sourceTree = "<group>";
		};
		BA27023428CF5F0D0039D9EA /* Assets */ = {
			isa = PBXGroup;
			children = (
				E505D9F328CF5B4B00EEFC65 /* Assets.xcassets */,
			);
			path = Assets;
			sourceTree = "<group>";
		};
		BA27023528CF5F180039D9EA /* Base */ = {
			isa = PBXGroup;
			children = (
				E505D9F528CF5B4B00EEFC65 /* LaunchScreen.storyboard */,
			);
			path = Base;
			sourceTree = "<group>";
		};
		BA27023628CF5F580039D9EA /* Home */ = {
			isa = PBXGroup;
			children = (
				E505D9EE28CF5B4A00EEFC65 /* HomeViewController.swift */,
				BA27024828CF618E0039D9EA /* HomeCoordinator.swift */,
			);
			path = Home;
			sourceTree = "<group>";
		};
		E505D9DE28CF5B4A00EEFC65 = {
			isa = PBXGroup;
			children = (
				E505D9E928CF5B4A00EEFC65 /* PPAK_CVS */,
				E505D9E828CF5B4A00EEFC65 /* Products */,
			);
			sourceTree = "<group>";
		};
		E505D9E828CF5B4A00EEFC65 /* Products */ = {
			isa = PBXGroup;
			children = (
				E505D9E728CF5B4A00EEFC65 /* PPAK_CVS.app */,
			);
			name = Products;
			sourceTree = "<group>";
		};
		E505D9E928CF5B4A00EEFC65 /* PPAK_CVS */ = {
			isa = PBXGroup;
			children = (
				BA27023228CF5EF30039D9EA /* Configuration */,
				BA27023328CF5EFF0039D9EA /* Source */,
				E505D9F828CF5B4B00EEFC65 /* Info.plist */,
			);
			path = PPAK_CVS;
			sourceTree = "<group>";
		};
/* End PBXGroup section */

/* Begin PBXNativeTarget section */
		E505D9E628CF5B4A00EEFC65 /* PPAK_CVS */ = {
			isa = PBXNativeTarget;
			buildConfigurationList = E505D9FB28CF5B4B00EEFC65 /* Build configuration list for PBXNativeTarget "PPAK_CVS" */;
			buildPhases = (
				E505D9E328CF5B4A00EEFC65 /* Sources */,
				E505D9E428CF5B4A00EEFC65 /* Frameworks */,
				E505D9E528CF5B4A00EEFC65 /* Resources */,
				BA27022F28CF5C1A0039D9EA /* SwiftLint */,
			);
			buildRules = (
			);
			dependencies = (
			);
			name = PPAK_CVS;
			packageProductDependencies = (
				BA27023828CF60570039D9EA /* SnapKit */,
				BA27023B28CF606A0039D9EA /* Then */,
				BA27023E28CF60830039D9EA /* Alamofire */,
				BA27024128CF60A30039D9EA /* RxCocoa */,
				BA27024328CF60A30039D9EA /* RxSwift */,
				BA27024628CF61020039D9EA /* Kingfisher */,
			);
			productName = PPAK_CVS;
			productReference = E505D9E728CF5B4A00EEFC65 /* PPAK_CVS.app */;
			productType = "com.apple.product-type.application";
		};
/* End PBXNativeTarget section */

/* Begin PBXProject section */
		E505D9DF28CF5B4A00EEFC65 /* Project object */ = {
			isa = PBXProject;
			attributes = {
				BuildIndependentTargetsInParallel = 1;
				LastSwiftUpdateCheck = 1340;
				LastUpgradeCheck = 1340;
				TargetAttributes = {
					E505D9E628CF5B4A00EEFC65 = {
						CreatedOnToolsVersion = 13.4.1;
					};
				};
			};
			buildConfigurationList = E505D9E228CF5B4A00EEFC65 /* Build configuration list for PBXProject "PPAK_CVS" */;
			compatibilityVersion = "Xcode 13.0";
			developmentRegion = en;
			hasScannedForEncodings = 0;
			knownRegions = (
				en,
				Base,
			);
			mainGroup = E505D9DE28CF5B4A00EEFC65;
			packageReferences = (
				BA27023728CF60570039D9EA /* XCRemoteSwiftPackageReference "SnapKit" */,
				BA27023A28CF606A0039D9EA /* XCRemoteSwiftPackageReference "Then" */,
				BA27023D28CF60830039D9EA /* XCRemoteSwiftPackageReference "Alamofire" */,
				BA27024028CF60A30039D9EA /* XCRemoteSwiftPackageReference "RxSwift" */,
				BA27024528CF61020039D9EA /* XCRemoteSwiftPackageReference "Kingfisher" */,
			);
			productRefGroup = E505D9E828CF5B4A00EEFC65 /* Products */;
			projectDirPath = "";
			projectRoot = "";
			targets = (
				E505D9E628CF5B4A00EEFC65 /* PPAK_CVS */,
			);
		};
/* End PBXProject section */

/* Begin PBXResourcesBuildPhase section */
		E505D9E528CF5B4A00EEFC65 /* Resources */ = {
			isa = PBXResourcesBuildPhase;
			buildActionMask = 2147483647;
			files = (
				E505D9F728CF5B4B00EEFC65 /* LaunchScreen.storyboard in Resources */,
				E505D9F428CF5B4B00EEFC65 /* Assets.xcassets in Resources */,
			);
			runOnlyForDeploymentPostprocessing = 0;
		};
/* End PBXResourcesBuildPhase section */

/* Begin PBXShellScriptBuildPhase section */
		BA27022F28CF5C1A0039D9EA /* SwiftLint */ = {
			isa = PBXShellScriptBuildPhase;
			buildActionMask = 2147483647;
			files = (
			);
			inputFileListPaths = (
			);
			inputPaths = (
			);
			name = SwiftLint;
			outputFileListPaths = (
			);
			outputPaths = (
			);
			runOnlyForDeploymentPostprocessing = 0;
			shellPath = /bin/sh;
			shellScript = "export PATH=\"$PATH:/opt/homebrew/bin\"\nif which swiftlint >/dev/null; then\n    if [ \"$CONFIGURATION\" ]; then\n        HOOKS_PATH=$(git config --get core.hooksPath)\n        if [ \".githooks\" != \"$HOOKS_PATH\" ]; then\n            git config core.hooksPath .githooks\n        fi\n    fi\n    swiftlint --fix && swiftlint\nelse\n    echo \"warning: SwiftLint not installed, download from https://github.com/realm/SwiftLint\"\nfi\n";
		};
/* End PBXShellScriptBuildPhase section */

/* Begin PBXSourcesBuildPhase section */
		E505D9E328CF5B4A00EEFC65 /* Sources */ = {
			isa = PBXSourcesBuildPhase;
			buildActionMask = 2147483647;
			files = (
				BA27023128CF5DCD0039D9EA /* Coordinator.swift in Sources */,
				E505D9EF28CF5B4A00EEFC65 /* HomeViewController.swift in Sources */,
				BA27024928CF618E0039D9EA /* HomeCoordinator.swift in Sources */,
				E505D9EB28CF5B4A00EEFC65 /* AppDelegate.swift in Sources */,
				E505D9ED28CF5B4A00EEFC65 /* SceneDelegate.swift in Sources */,
			);
			runOnlyForDeploymentPostprocessing = 0;
		};
/* End PBXSourcesBuildPhase section */

/* Begin PBXVariantGroup section */
		E505D9F528CF5B4B00EEFC65 /* LaunchScreen.storyboard */ = {
			isa = PBXVariantGroup;
			children = (
				E505D9F628CF5B4B00EEFC65 /* Base */,
			);
			name = LaunchScreen.storyboard;
			sourceTree = "<group>";
		};
/* End PBXVariantGroup section */

/* Begin XCBuildConfiguration section */
		E505D9F928CF5B4B00EEFC65 /* Debug */ = {
			isa = XCBuildConfiguration;
			buildSettings = {
				ALWAYS_SEARCH_USER_PATHS = NO;
				CLANG_ANALYZER_NONNULL = YES;
				CLANG_ANALYZER_NUMBER_OBJECT_CONVERSION = YES_AGGRESSIVE;
				CLANG_CXX_LANGUAGE_STANDARD = "gnu++17";
				CLANG_ENABLE_MODULES = YES;
				CLANG_ENABLE_OBJC_ARC = YES;
				CLANG_ENABLE_OBJC_WEAK = YES;
				CLANG_WARN_BLOCK_CAPTURE_AUTORELEASING = YES;
				CLANG_WARN_BOOL_CONVERSION = YES;
				CLANG_WARN_COMMA = YES;
				CLANG_WARN_CONSTANT_CONVERSION = YES;
				CLANG_WARN_DEPRECATED_OBJC_IMPLEMENTATIONS = YES;
				CLANG_WARN_DIRECT_OBJC_ISA_USAGE = YES_ERROR;
				CLANG_WARN_DOCUMENTATION_COMMENTS = YES;
				CLANG_WARN_EMPTY_BODY = YES;
				CLANG_WARN_ENUM_CONVERSION = YES;
				CLANG_WARN_INFINITE_RECURSION = YES;
				CLANG_WARN_INT_CONVERSION = YES;
				CLANG_WARN_NON_LITERAL_NULL_CONVERSION = YES;
				CLANG_WARN_OBJC_IMPLICIT_RETAIN_SELF = YES;
				CLANG_WARN_OBJC_LITERAL_CONVERSION = YES;
				CLANG_WARN_OBJC_ROOT_CLASS = YES_ERROR;
				CLANG_WARN_QUOTED_INCLUDE_IN_FRAMEWORK_HEADER = YES;
				CLANG_WARN_RANGE_LOOP_ANALYSIS = YES;
				CLANG_WARN_STRICT_PROTOTYPES = YES;
				CLANG_WARN_SUSPICIOUS_MOVE = YES;
				CLANG_WARN_UNGUARDED_AVAILABILITY = YES_AGGRESSIVE;
				CLANG_WARN_UNREACHABLE_CODE = YES;
				CLANG_WARN__DUPLICATE_METHOD_MATCH = YES;
				COPY_PHASE_STRIP = NO;
				DEBUG_INFORMATION_FORMAT = dwarf;
				ENABLE_STRICT_OBJC_MSGSEND = YES;
				ENABLE_TESTABILITY = YES;
				GCC_C_LANGUAGE_STANDARD = gnu11;
				GCC_DYNAMIC_NO_PIC = NO;
				GCC_NO_COMMON_BLOCKS = YES;
				GCC_OPTIMIZATION_LEVEL = 0;
				GCC_PREPROCESSOR_DEFINITIONS = (
					"DEBUG=1",
					"$(inherited)",
				);
				GCC_WARN_64_TO_32_BIT_CONVERSION = YES;
				GCC_WARN_ABOUT_RETURN_TYPE = YES_ERROR;
				GCC_WARN_UNDECLARED_SELECTOR = YES;
				GCC_WARN_UNINITIALIZED_AUTOS = YES_AGGRESSIVE;
				GCC_WARN_UNUSED_FUNCTION = YES;
				GCC_WARN_UNUSED_VARIABLE = YES;
				IPHONEOS_DEPLOYMENT_TARGET = 15.5;
				MTL_ENABLE_DEBUG_INFO = INCLUDE_SOURCE;
				MTL_FAST_MATH = YES;
				ONLY_ACTIVE_ARCH = YES;
				SDKROOT = iphoneos;
				SWIFT_ACTIVE_COMPILATION_CONDITIONS = DEBUG;
				SWIFT_OPTIMIZATION_LEVEL = "-Onone";
			};
			name = Debug;
		};
		E505D9FA28CF5B4B00EEFC65 /* Release */ = {
			isa = XCBuildConfiguration;
			buildSettings = {
				ALWAYS_SEARCH_USER_PATHS = NO;
				CLANG_ANALYZER_NONNULL = YES;
				CLANG_ANALYZER_NUMBER_OBJECT_CONVERSION = YES_AGGRESSIVE;
				CLANG_CXX_LANGUAGE_STANDARD = "gnu++17";
				CLANG_ENABLE_MODULES = YES;
				CLANG_ENABLE_OBJC_ARC = YES;
				CLANG_ENABLE_OBJC_WEAK = YES;
				CLANG_WARN_BLOCK_CAPTURE_AUTORELEASING = YES;
				CLANG_WARN_BOOL_CONVERSION = YES;
				CLANG_WARN_COMMA = YES;
				CLANG_WARN_CONSTANT_CONVERSION = YES;
				CLANG_WARN_DEPRECATED_OBJC_IMPLEMENTATIONS = YES;
				CLANG_WARN_DIRECT_OBJC_ISA_USAGE = YES_ERROR;
				CLANG_WARN_DOCUMENTATION_COMMENTS = YES;
				CLANG_WARN_EMPTY_BODY = YES;
				CLANG_WARN_ENUM_CONVERSION = YES;
				CLANG_WARN_INFINITE_RECURSION = YES;
				CLANG_WARN_INT_CONVERSION = YES;
				CLANG_WARN_NON_LITERAL_NULL_CONVERSION = YES;
				CLANG_WARN_OBJC_IMPLICIT_RETAIN_SELF = YES;
				CLANG_WARN_OBJC_LITERAL_CONVERSION = YES;
				CLANG_WARN_OBJC_ROOT_CLASS = YES_ERROR;
				CLANG_WARN_QUOTED_INCLUDE_IN_FRAMEWORK_HEADER = YES;
				CLANG_WARN_RANGE_LOOP_ANALYSIS = YES;
				CLANG_WARN_STRICT_PROTOTYPES = YES;
				CLANG_WARN_SUSPICIOUS_MOVE = YES;
				CLANG_WARN_UNGUARDED_AVAILABILITY = YES_AGGRESSIVE;
				CLANG_WARN_UNREACHABLE_CODE = YES;
				CLANG_WARN__DUPLICATE_METHOD_MATCH = YES;
				COPY_PHASE_STRIP = NO;
				DEBUG_INFORMATION_FORMAT = "dwarf-with-dsym";
				ENABLE_NS_ASSERTIONS = NO;
				ENABLE_STRICT_OBJC_MSGSEND = YES;
				GCC_C_LANGUAGE_STANDARD = gnu11;
				GCC_NO_COMMON_BLOCKS = YES;
				GCC_WARN_64_TO_32_BIT_CONVERSION = YES;
				GCC_WARN_ABOUT_RETURN_TYPE = YES_ERROR;
				GCC_WARN_UNDECLARED_SELECTOR = YES;
				GCC_WARN_UNINITIALIZED_AUTOS = YES_AGGRESSIVE;
				GCC_WARN_UNUSED_FUNCTION = YES;
				GCC_WARN_UNUSED_VARIABLE = YES;
				IPHONEOS_DEPLOYMENT_TARGET = 15.5;
				MTL_ENABLE_DEBUG_INFO = NO;
				MTL_FAST_MATH = YES;
				SDKROOT = iphoneos;
				SWIFT_COMPILATION_MODE = wholemodule;
				SWIFT_OPTIMIZATION_LEVEL = "-O";
				VALIDATE_PRODUCT = YES;
			};
			name = Release;
		};
		E505D9FC28CF5B4B00EEFC65 /* Debug */ = {
			isa = XCBuildConfiguration;
			buildSettings = {
				ASSETCATALOG_COMPILER_APPICON_NAME = AppIcon;
				ASSETCATALOG_COMPILER_GLOBAL_ACCENT_COLOR_NAME = AccentColor;
				CODE_SIGN_STYLE = Automatic;
				CURRENT_PROJECT_VERSION = 1;
				DEVELOPMENT_TEAM = 2ZQR76M3UH;
				GENERATE_INFOPLIST_FILE = YES;
				INFOPLIST_FILE = PPAK_CVS/Info.plist;
				INFOPLIST_KEY_UIApplicationSupportsIndirectInputEvents = YES;
				INFOPLIST_KEY_UILaunchStoryboardName = LaunchScreen;
				INFOPLIST_KEY_UISupportedInterfaceOrientations_iPad = "UIInterfaceOrientationPortrait UIInterfaceOrientationPortraitUpsideDown UIInterfaceOrientationLandscapeLeft UIInterfaceOrientationLandscapeRight";
				INFOPLIST_KEY_UISupportedInterfaceOrientations_iPhone = "UIInterfaceOrientationPortrait UIInterfaceOrientationLandscapeLeft UIInterfaceOrientationLandscapeRight";
				LD_RUNPATH_SEARCH_PATHS = (
					"$(inherited)",
					"@executable_path/Frameworks",
				);
				MARKETING_VERSION = 1.0;
				PRODUCT_BUNDLE_IDENTIFIER = "eungcheol.PPAK-CVS";
				PRODUCT_NAME = "$(TARGET_NAME)";
				SWIFT_EMIT_LOC_STRINGS = YES;
				SWIFT_VERSION = 5.0;
				TARGETED_DEVICE_FAMILY = "1,2";
			};
			name = Debug;
		};
		E505D9FD28CF5B4B00EEFC65 /* Release */ = {
			isa = XCBuildConfiguration;
			buildSettings = {
				ASSETCATALOG_COMPILER_APPICON_NAME = AppIcon;
				ASSETCATALOG_COMPILER_GLOBAL_ACCENT_COLOR_NAME = AccentColor;
				CODE_SIGN_STYLE = Automatic;
				CURRENT_PROJECT_VERSION = 1;
				DEVELOPMENT_TEAM = 2ZQR76M3UH;
				GENERATE_INFOPLIST_FILE = YES;
				INFOPLIST_FILE = PPAK_CVS/Info.plist;
				INFOPLIST_KEY_UIApplicationSupportsIndirectInputEvents = YES;
				INFOPLIST_KEY_UILaunchStoryboardName = LaunchScreen;
				INFOPLIST_KEY_UISupportedInterfaceOrientations_iPad = "UIInterfaceOrientationPortrait UIInterfaceOrientationPortraitUpsideDown UIInterfaceOrientationLandscapeLeft UIInterfaceOrientationLandscapeRight";
				INFOPLIST_KEY_UISupportedInterfaceOrientations_iPhone = "UIInterfaceOrientationPortrait UIInterfaceOrientationLandscapeLeft UIInterfaceOrientationLandscapeRight";
				LD_RUNPATH_SEARCH_PATHS = (
					"$(inherited)",
					"@executable_path/Frameworks",
				);
				MARKETING_VERSION = 1.0;
				PRODUCT_BUNDLE_IDENTIFIER = "eungcheol.PPAK-CVS";
				PRODUCT_NAME = "$(TARGET_NAME)";
				SWIFT_EMIT_LOC_STRINGS = YES;
				SWIFT_VERSION = 5.0;
				TARGETED_DEVICE_FAMILY = "1,2";
			};
			name = Release;
		};
/* End XCBuildConfiguration section */

/* Begin XCConfigurationList section */
		E505D9E228CF5B4A00EEFC65 /* Build configuration list for PBXProject "PPAK_CVS" */ = {
			isa = XCConfigurationList;
			buildConfigurations = (
				E505D9F928CF5B4B00EEFC65 /* Debug */,
				E505D9FA28CF5B4B00EEFC65 /* Release */,
			);
			defaultConfigurationIsVisible = 0;
			defaultConfigurationName = Release;
		};
		E505D9FB28CF5B4B00EEFC65 /* Build configuration list for PBXNativeTarget "PPAK_CVS" */ = {
			isa = XCConfigurationList;
			buildConfigurations = (
				E505D9FC28CF5B4B00EEFC65 /* Debug */,
				E505D9FD28CF5B4B00EEFC65 /* Release */,
			);
			defaultConfigurationIsVisible = 0;
			defaultConfigurationName = Release;
		};
/* End XCConfigurationList section */

/* Begin XCRemoteSwiftPackageReference section */
		BA27023728CF60570039D9EA /* XCRemoteSwiftPackageReference "SnapKit" */ = {
			isa = XCRemoteSwiftPackageReference;
			repositoryURL = "https://github.com/SnapKit/SnapKit";
			requirement = {
				branch = main;
				kind = branch;
			};
		};
		BA27023A28CF606A0039D9EA /* XCRemoteSwiftPackageReference "Then" */ = {
			isa = XCRemoteSwiftPackageReference;
			repositoryURL = "https://github.com/devxoul/Then";
			requirement = {
				branch = master;
				kind = branch;
			};
		};
		BA27023D28CF60830039D9EA /* XCRemoteSwiftPackageReference "Alamofire" */ = {
			isa = XCRemoteSwiftPackageReference;
			repositoryURL = "https://github.com/Alamofire/Alamofire";
			requirement = {
				branch = master;
				kind = branch;
			};
		};
		BA27024028CF60A30039D9EA /* XCRemoteSwiftPackageReference "RxSwift" */ = {
			isa = XCRemoteSwiftPackageReference;
			repositoryURL = "https://github.com/ReactiveX/RxSwift";
			requirement = {
				branch = main;
				kind = branch;
			};
		};
		BA27024528CF61020039D9EA /* XCRemoteSwiftPackageReference "Kingfisher" */ = {
			isa = XCRemoteSwiftPackageReference;
			repositoryURL = "https://github.com/onevcat/Kingfisher.git";
			requirement = {
				branch = master;
				kind = branch;
			};
		};
/* End XCRemoteSwiftPackageReference section */

/* Begin XCSwiftPackageProductDependency section */
		BA27023828CF60570039D9EA /* SnapKit */ = {
			isa = XCSwiftPackageProductDependency;
			package = BA27023728CF60570039D9EA /* XCRemoteSwiftPackageReference "SnapKit" */;
			productName = SnapKit;
		};
		BA27023B28CF606A0039D9EA /* Then */ = {
			isa = XCSwiftPackageProductDependency;
			package = BA27023A28CF606A0039D9EA /* XCRemoteSwiftPackageReference "Then" */;
			productName = Then;
		};
		BA27023E28CF60830039D9EA /* Alamofire */ = {
			isa = XCSwiftPackageProductDependency;
			package = BA27023D28CF60830039D9EA /* XCRemoteSwiftPackageReference "Alamofire" */;
			productName = Alamofire;
		};
		BA27024128CF60A30039D9EA /* RxCocoa */ = {
			isa = XCSwiftPackageProductDependency;
			package = BA27024028CF60A30039D9EA /* XCRemoteSwiftPackageReference "RxSwift" */;
			productName = RxCocoa;
		};
		BA27024328CF60A30039D9EA /* RxSwift */ = {
			isa = XCSwiftPackageProductDependency;
			package = BA27024028CF60A30039D9EA /* XCRemoteSwiftPackageReference "RxSwift" */;
			productName = RxSwift;
		};
		BA27024628CF61020039D9EA /* Kingfisher */ = {
			isa = XCSwiftPackageProductDependency;
			package = BA27024528CF61020039D9EA /* XCRemoteSwiftPackageReference "Kingfisher" */;
			productName = Kingfisher;
		};
/* End XCSwiftPackageProductDependency section */
	};
	rootObject = E505D9DF28CF5B4A00EEFC65 /* Project object */;
}
