// !$*UTF8*$!
{
	archiveVersion = 1;
	classes = {
	};
	objectVersion = 55;
	objects = {

/* Begin PBXBuildFile section */
		9C07AE832934D763002CFE3F /* SettingTableViewCell.swift in Sources */ = {isa = PBXBuildFile; fileRef = 9C07AE822934D763002CFE3F /* SettingTableViewCell.swift */; };
		9C40085B295DCAB500C7E2DE /* SettingCoordinator.swift in Sources */ = {isa = PBXBuildFile; fileRef = 9C40085A295DCAB500C7E2DE /* SettingCoordinator.swift */; };
		9C40085D295DCACA00C7E2DE /* SettingViewModel.swift in Sources */ = {isa = PBXBuildFile; fileRef = 9C40085C295DCACA00C7E2DE /* SettingViewModel.swift */; };
		9C5C03A5292B9F770000989F /* SettingVC.swift in Sources */ = {isa = PBXBuildFile; fileRef = 9C5C03A4292B9F770000989F /* SettingVC.swift */; };
		9C798F8A28EAE9DA00FE250C /* TitleLogoView.swift in Sources */ = {isa = PBXBuildFile; fileRef = 9C798F8928EAE9DA00FE250C /* TitleLogoView.swift */; };
		9C798F8C28EAEC5D00FE250C /* CvsType.swift in Sources */ = {isa = PBXBuildFile; fileRef = 9C798F8B28EAEC5D00FE250C /* CvsType.swift */; };
		9CA7150E293CE26300AEE436 /* NSAttributedString+.swift in Sources */ = {isa = PBXBuildFile; fileRef = 9CA7150D293CE26300AEE436 /* NSAttributedString+.swift */; };
		9CCFA4FE28F4585E00963A95 /* EventType.swift in Sources */ = {isa = PBXBuildFile; fileRef = 9CCFA4FD28F4585E00963A95 /* EventType.swift */; };
		9CDBFCD1296C331C00357474 /* SettingConfig.swift in Sources */ = {isa = PBXBuildFile; fileRef = 9CDBFCD0296C331C00357474 /* SettingConfig.swift */; };
		A54949D3296F052F00844828 /* noBookmark.json in Resources */ = {isa = PBXBuildFile; fileRef = A54949D2296F052F00844828 /* noBookmark.json */; };
		A57D32E428EDBA0200944C7E /* OnboardingViewModel.swift in Sources */ = {isa = PBXBuildFile; fileRef = A57D32E328EDBA0200944C7E /* OnboardingViewModel.swift */; };
		A5932EA028E0435200457AD3 /* Lottie in Frameworks */ = {isa = PBXBuildFile; productRef = A5932E9F28E0435200457AD3 /* Lottie */; };
		A5932EA328E044CB00457AD3 /* onboarding1.json in Resources */ = {isa = PBXBuildFile; fileRef = A5932EA228E044CB00457AD3 /* onboarding1.json */; };
		A5932EA528E045EF00457AD3 /* onboarding3.json in Resources */ = {isa = PBXBuildFile; fileRef = A5932EA428E045EF00457AD3 /* onboarding3.json */; };
		A5932EA728E0472B00457AD3 /* onboarding2.json in Resources */ = {isa = PBXBuildFile; fileRef = A5932EA628E0472B00457AD3 /* onboarding2.json */; };
		A5932EAA28E047E000457AD3 /* OnboardingDataModel.swift in Sources */ = {isa = PBXBuildFile; fileRef = A5932EA928E047E000457AD3 /* OnboardingDataModel.swift */; };
		A5B69C322960095100052D2B /* Pretendard-Light.otf in Resources */ = {isa = PBXBuildFile; fileRef = A5B69C292960095000052D2B /* Pretendard-Light.otf */; };
		A5B69C332960095100052D2B /* Pretendard-Bold.otf in Resources */ = {isa = PBXBuildFile; fileRef = A5B69C2A2960095100052D2B /* Pretendard-Bold.otf */; };
		A5B69C342960095100052D2B /* Pretendard-Black.otf in Resources */ = {isa = PBXBuildFile; fileRef = A5B69C2B2960095100052D2B /* Pretendard-Black.otf */; };
		A5B69C352960095100052D2B /* Pretendard-Thin.otf in Resources */ = {isa = PBXBuildFile; fileRef = A5B69C2C2960095100052D2B /* Pretendard-Thin.otf */; };
		A5B69C362960095100052D2B /* Pretendard-ExtraLight.otf in Resources */ = {isa = PBXBuildFile; fileRef = A5B69C2D2960095100052D2B /* Pretendard-ExtraLight.otf */; };
		A5B69C372960095100052D2B /* Pretendard-Regular.otf in Resources */ = {isa = PBXBuildFile; fileRef = A5B69C2E2960095100052D2B /* Pretendard-Regular.otf */; };
		A5B69C382960095100052D2B /* Pretendard-SemiBold.otf in Resources */ = {isa = PBXBuildFile; fileRef = A5B69C2F2960095100052D2B /* Pretendard-SemiBold.otf */; };
		A5B69C392960095100052D2B /* Pretendard-ExtraBold.otf in Resources */ = {isa = PBXBuildFile; fileRef = A5B69C302960095100052D2B /* Pretendard-ExtraBold.otf */; };
		A5B69C3A2960095100052D2B /* Pretendard-Medium.otf in Resources */ = {isa = PBXBuildFile; fileRef = A5B69C312960095100052D2B /* Pretendard-Medium.otf */; };
		A5B69C3C29600A1000052D2B /* UIFont+.swift in Sources */ = {isa = PBXBuildFile; fileRef = A5B69C3B29600A1000052D2B /* UIFont+.swift */; };
		A5E8DD07291FA217006AF2CE /* NetworkCheck.swift in Sources */ = {isa = PBXBuildFile; fileRef = A5E8DD06291FA217006AF2CE /* NetworkCheck.swift */; };
		A5E8DD0A291FA75A006AF2CE /* NetworkVC.swift in Sources */ = {isa = PBXBuildFile; fileRef = A5E8DD09291FA75A006AF2CE /* NetworkVC.swift */; };
		A5F8288228DEAE3C00C5D6A2 /* OnboardingVC.swift in Sources */ = {isa = PBXBuildFile; fileRef = A5F8288128DEAE3C00C5D6A2 /* OnboardingVC.swift */; };
		A5F8288528DEB03A00C5D6A2 /* OnboardingCoordinator.swift in Sources */ = {isa = PBXBuildFile; fileRef = A5F8288428DEB03A00C5D6A2 /* OnboardingCoordinator.swift */; };
		A5F8288728DEB63D00C5D6A2 /* FTUXStorage.swift in Sources */ = {isa = PBXBuildFile; fileRef = A5F8288628DEB63D00C5D6A2 /* FTUXStorage.swift */; };
		A5F8288A28DEC0CF00C5D6A2 /* UIButton+.swift in Sources */ = {isa = PBXBuildFile; fileRef = A5F8288928DEC0CF00C5D6A2 /* UIButton+.swift */; };
		A5F8288C28DECEE700C5D6A2 /* Strings.swift in Sources */ = {isa = PBXBuildFile; fileRef = A5F8288B28DECEE700C5D6A2 /* Strings.swift */; };
		A5F8288E28DED76700C5D6A2 /* UILabel+.swift in Sources */ = {isa = PBXBuildFile; fileRef = A5F8288D28DED76700C5D6A2 /* UILabel+.swift */; };
		BA1CCAC228FAFE500002FD8C /* WeakMapTable in Frameworks */ = {isa = PBXBuildFile; productRef = BA1CCAC128FAFE500002FD8C /* WeakMapTable */; };
		BA1CCACB28FB01DE0002FD8C /* ViewModel.swift in Sources */ = {isa = PBXBuildFile; fileRef = BA1CCACA28FB01DE0002FD8C /* ViewModel.swift */; };
		BA1CCACD28FB9A450002FD8C /* Viewable.swift in Sources */ = {isa = PBXBuildFile; fileRef = BA1CCACC28FB9A450002FD8C /* Viewable.swift */; };
		BA27023128CF5DCD0039D9EA /* Coordinator.swift in Sources */ = {isa = PBXBuildFile; fileRef = BA27023028CF5DCD0039D9EA /* Coordinator.swift */; };
		BA27023928CF60570039D9EA /* SnapKit in Frameworks */ = {isa = PBXBuildFile; productRef = BA27023828CF60570039D9EA /* SnapKit */; };
		BA27023C28CF606A0039D9EA /* Then in Frameworks */ = {isa = PBXBuildFile; productRef = BA27023B28CF606A0039D9EA /* Then */; };
		BA27023F28CF60830039D9EA /* Alamofire in Frameworks */ = {isa = PBXBuildFile; productRef = BA27023E28CF60830039D9EA /* Alamofire */; };
		BA27024228CF60A30039D9EA /* RxCocoa in Frameworks */ = {isa = PBXBuildFile; productRef = BA27024128CF60A30039D9EA /* RxCocoa */; };
		BA27024428CF60A30039D9EA /* RxSwift in Frameworks */ = {isa = PBXBuildFile; productRef = BA27024328CF60A30039D9EA /* RxSwift */; };
		BA27024728CF61020039D9EA /* Kingfisher in Frameworks */ = {isa = PBXBuildFile; productRef = BA27024628CF61020039D9EA /* Kingfisher */; };
		BA27024928CF618E0039D9EA /* HomeCoordinator.swift in Sources */ = {isa = PBXBuildFile; fileRef = BA27024828CF618E0039D9EA /* HomeCoordinator.swift */; };
		BA343AB12963139900DE8016 /* Int+.swift in Sources */ = {isa = PBXBuildFile; fileRef = BA343AB02963139900DE8016 /* Int+.swift */; };
		BA5A433C28F2FF15008DCDCC /* ProductVC.swift in Sources */ = {isa = PBXBuildFile; fileRef = BA5A433B28F2FF15008DCDCC /* ProductVC.swift */; };
		BA5A433E28F2FF47008DCDCC /* ProductCoordinator.swift in Sources */ = {isa = PBXBuildFile; fileRef = BA5A433D28F2FF47008DCDCC /* ProductCoordinator.swift */; };
		BA8CF87C290D10CB009770C0 /* ProductHeaderViewViewModel.swift in Sources */ = {isa = PBXBuildFile; fileRef = BA8CF87B290D10CB009770C0 /* ProductHeaderViewViewModel.swift */; };
		BA8CFD7D28E1E4AB00ADC4A8 /* UIColor+.swift in Sources */ = {isa = PBXBuildFile; fileRef = BA8CFD7C28E1E4AB00ADC4A8 /* UIColor+.swift */; };
		BA9EBC102949BBC600167970 /* TargetType.swift in Sources */ = {isa = PBXBuildFile; fileRef = BA9EBC0F2949BBC600167970 /* TargetType.swift */; };
		BA9EBC122949F49D00167970 /* PrivateKeys.swift in Sources */ = {isa = PBXBuildFile; fileRef = BA9EBC112949F49D00167970 /* PrivateKeys.swift */; };
		BA9EBC14294A032800167970 /* ProductTarget.swift in Sources */ = {isa = PBXBuildFile; fileRef = BA9EBC13294A032800167970 /* ProductTarget.swift */; };
		BA9EBC16294A04E500167970 /* Encodable+.swift in Sources */ = {isa = PBXBuildFile; fileRef = BA9EBC15294A04E500167970 /* Encodable+.swift */; };
		BA9EBC1B294A115300167970 /* PyeonHaengAPI.swift in Sources */ = {isa = PBXBuildFile; fileRef = BA9EBC1A294A115300167970 /* PyeonHaengAPI.swift */; };
		BA9EBC1D294AED8E00167970 /* ReponseModel.swift in Sources */ = {isa = PBXBuildFile; fileRef = BA9EBC1C294AED8E00167970 /* ReponseModel.swift */; };
		BA9EDA9B2918BF2B00B97C23 /* ProductModel.swift in Sources */ = {isa = PBXBuildFile; fileRef = BA9EDA9A2918BF2B00B97C23 /* ProductModel.swift */; };
		BA9EDA9D2918BF9000B97C23 /* Date+.swift in Sources */ = {isa = PBXBuildFile; fileRef = BA9EDA9C2918BF8F00B97C23 /* Date+.swift */; };
		BAA0581028D36F75000CDD11 /* BaseViewController.swift in Sources */ = {isa = PBXBuildFile; fileRef = BAA0580F28D36F75000CDD11 /* BaseViewController.swift */; };
		BAA0F53128FCF88300B632AC /* BaseCoordinator.swift in Sources */ = {isa = PBXBuildFile; fileRef = BAA0F53028FCF88300B632AC /* BaseCoordinator.swift */; };
		BAA0F53528FD353500B632AC /* AppCoordinator.swift in Sources */ = {isa = PBXBuildFile; fileRef = BAA0F53428FD353500B632AC /* AppCoordinator.swift */; };
		BAA1AAE72962AFAE00E763D1 /* ProductViewModel.swift in Sources */ = {isa = PBXBuildFile; fileRef = BAA1AAE62962AFAE00E763D1 /* ProductViewModel.swift */; };
		BABC84B228F58F5A00D6DF45 /* Preview.swift in Sources */ = {isa = PBXBuildFile; fileRef = BABC84B128F58F5A00D6DF45 /* Preview.swift */; };
		BAD70BD8291A58CB00C39863 /* SortType.swift in Sources */ = {isa = PBXBuildFile; fileRef = BAD70BD7291A58CB00C39863 /* SortType.swift */; };
		BAD70BDA291A594F00C39863 /* RequestTypeModel.swift in Sources */ = {isa = PBXBuildFile; fileRef = BAD70BD9291A594F00C39863 /* RequestTypeModel.swift */; };
		BAEF774928F412FA006B0274 /* ProductCollectionHeaderView.swift in Sources */ = {isa = PBXBuildFile; fileRef = BAEF774828F412FA006B0274 /* ProductCollectionHeaderView.swift */; };
		E505D9EB28CF5B4A00EEFC65 /* AppDelegate.swift in Sources */ = {isa = PBXBuildFile; fileRef = E505D9EA28CF5B4A00EEFC65 /* AppDelegate.swift */; };
		E505D9ED28CF5B4A00EEFC65 /* SceneDelegate.swift in Sources */ = {isa = PBXBuildFile; fileRef = E505D9EC28CF5B4A00EEFC65 /* SceneDelegate.swift */; };
		E505D9EF28CF5B4A00EEFC65 /* HomeVC.swift in Sources */ = {isa = PBXBuildFile; fileRef = E505D9EE28CF5B4A00EEFC65 /* HomeVC.swift */; };
		E505D9F428CF5B4B00EEFC65 /* Assets.xcassets in Resources */ = {isa = PBXBuildFile; fileRef = E505D9F328CF5B4B00EEFC65 /* Assets.xcassets */; };
		E505D9F728CF5B4B00EEFC65 /* LaunchScreen.storyboard in Resources */ = {isa = PBXBuildFile; fileRef = E505D9F528CF5B4B00EEFC65 /* LaunchScreen.storyboard */; };
		E50F851229589AFB008B7052 /* Storage.swift in Sources */ = {isa = PBXBuildFile; fileRef = E50F851129589AFB008B7052 /* Storage.swift */; };
		E5103251290B4A0300D2F007 /* UIView+.swift in Sources */ = {isa = PBXBuildFile; fileRef = E5103250290B4A0300D2F007 /* UIView+.swift */; };
		E51669F029338593006C9635 /* LoadingCell.swift in Sources */ = {isa = PBXBuildFile; fileRef = E51669EF29338593006C9635 /* LoadingCell.swift */; };
		E5467E4A28D45DF40031B785 /* TopCurveView.swift in Sources */ = {isa = PBXBuildFile; fileRef = E5467E4928D45DF40031B785 /* TopCurveView.swift */; };
		E5467E4C28D45DFE0031B785 /* BottomCurveView.swift in Sources */ = {isa = PBXBuildFile; fileRef = E5467E4B28D45DFE0031B785 /* BottomCurveView.swift */; };
		E54D9C4228F1A18100D028B2 /* BookmarkCollectionHeaderView.swift in Sources */ = {isa = PBXBuildFile; fileRef = E54D9C4128F1A18100D028B2 /* BookmarkCollectionHeaderView.swift */; };
		E54D9C4428F1A19000D028B2 /* BookmarkCoordinator.swift in Sources */ = {isa = PBXBuildFile; fileRef = E54D9C4328F1A19000D028B2 /* BookmarkCoordinator.swift */; };
		E54D9C4628F1A19B00D028B2 /* BookmarkViewModel.swift in Sources */ = {isa = PBXBuildFile; fileRef = E54D9C4528F1A19B00D028B2 /* BookmarkViewModel.swift */; };
		E54D9C4828F1A1A300D028B2 /* BookmarkVC.swift in Sources */ = {isa = PBXBuildFile; fileRef = E54D9C4728F1A1A300D028B2 /* BookmarkVC.swift */; };
		E5564B84295D401C00BDB7EE /* RxOptional in Frameworks */ = {isa = PBXBuildFile; productRef = E5564B83295D401C00BDB7EE /* RxOptional */; };
		E55BEBE128D6A82400804FCB /* SearchBar.swift in Sources */ = {isa = PBXBuildFile; fileRef = E55BEBE028D6A82400804FCB /* SearchBar.swift */; };
		E580BF2328E0646200BE7ADC /* GoodsCell.swift in Sources */ = {isa = PBXBuildFile; fileRef = E580BF2228E0646200BE7ADC /* GoodsCell.swift */; };
		E580BF2528E0649E00BE7ADC /* HomeCollectionHeaderView.swift in Sources */ = {isa = PBXBuildFile; fileRef = E580BF2428E0649E00BE7ADC /* HomeCollectionHeaderView.swift */; };
		E59041DE2928FB8100135ECA /* SaleTypeView.swift in Sources */ = {isa = PBXBuildFile; fileRef = E59041DD2928FB8100135ECA /* SaleTypeView.swift */; };
		E5A877C028D4A34D002A2402 /* EventControl.swift in Sources */ = {isa = PBXBuildFile; fileRef = E5A877BF28D4A34D002A2402 /* EventControl.swift */; };
		E5B249C32962CB6400081609 /* BookmarkPopup.swift in Sources */ = {isa = PBXBuildFile; fileRef = E5B249C22962CB6400081609 /* BookmarkPopup.swift */; };
		E5B9965728E2872A00E39566 /* CVSDropdownView.swift in Sources */ = {isa = PBXBuildFile; fileRef = E5B9965628E2872A00E39566 /* CVSDropdownView.swift */; };
		E5B9965B28E2A16D00E39566 /* SortDropdownView.swift in Sources */ = {isa = PBXBuildFile; fileRef = E5B9965A28E2A16D00E39566 /* SortDropdownView.swift */; };
		E5C9025228E2DB480086BDE9 /* HomeViewModel.swift in Sources */ = {isa = PBXBuildFile; fileRef = E5C9025128E2DB480086BDE9 /* HomeViewModel.swift */; };
		E5F9CCA228EF10EA0084CD63 /* RxGesture in Frameworks */ = {isa = PBXBuildFile; productRef = E5F9CCA128EF10EA0084CD63 /* RxGesture */; };
/* End PBXBuildFile section */

/* Begin PBXFileReference section */
		9C07AE822934D763002CFE3F /* SettingTableViewCell.swift */ = {isa = PBXFileReference; lastKnownFileType = sourcecode.swift; name = SettingTableViewCell.swift; path = PPAK_CVS/SettingTableViewCell.swift; sourceTree = SOURCE_ROOT; };
		9C40085A295DCAB500C7E2DE /* SettingCoordinator.swift */ = {isa = PBXFileReference; lastKnownFileType = sourcecode.swift; path = SettingCoordinator.swift; sourceTree = "<group>"; };
		9C40085C295DCACA00C7E2DE /* SettingViewModel.swift */ = {isa = PBXFileReference; lastKnownFileType = sourcecode.swift; path = SettingViewModel.swift; sourceTree = "<group>"; };
		9C5C03A4292B9F770000989F /* SettingVC.swift */ = {isa = PBXFileReference; lastKnownFileType = sourcecode.swift; path = SettingVC.swift; sourceTree = "<group>"; };
		9C798F8928EAE9DA00FE250C /* TitleLogoView.swift */ = {isa = PBXFileReference; lastKnownFileType = sourcecode.swift; path = TitleLogoView.swift; sourceTree = "<group>"; };
		9C798F8B28EAEC5D00FE250C /* CvsType.swift */ = {isa = PBXFileReference; lastKnownFileType = sourcecode.swift; path = CvsType.swift; sourceTree = "<group>"; };
		9CA7150D293CE26300AEE436 /* NSAttributedString+.swift */ = {isa = PBXFileReference; lastKnownFileType = sourcecode.swift; path = "NSAttributedString+.swift"; sourceTree = "<group>"; };
		9CCFA4FD28F4585E00963A95 /* EventType.swift */ = {isa = PBXFileReference; lastKnownFileType = sourcecode.swift; path = EventType.swift; sourceTree = "<group>"; };
		9CDBFCD0296C331C00357474 /* SettingConfig.swift */ = {isa = PBXFileReference; lastKnownFileType = sourcecode.swift; path = SettingConfig.swift; sourceTree = "<group>"; };
		A54949D2296F052F00844828 /* noBookmark.json */ = {isa = PBXFileReference; fileEncoding = 4; lastKnownFileType = text.json; path = noBookmark.json; sourceTree = "<group>"; };
		A57D32E328EDBA0200944C7E /* OnboardingViewModel.swift */ = {isa = PBXFileReference; lastKnownFileType = sourcecode.swift; path = OnboardingViewModel.swift; sourceTree = "<group>"; };
		A5932EA228E044CB00457AD3 /* onboarding1.json */ = {isa = PBXFileReference; fileEncoding = 4; lastKnownFileType = text.json; path = onboarding1.json; sourceTree = "<group>"; };
		A5932EA428E045EF00457AD3 /* onboarding3.json */ = {isa = PBXFileReference; fileEncoding = 4; lastKnownFileType = text.json; path = onboarding3.json; sourceTree = "<group>"; };
		A5932EA628E0472B00457AD3 /* onboarding2.json */ = {isa = PBXFileReference; fileEncoding = 4; lastKnownFileType = text.json; path = onboarding2.json; sourceTree = "<group>"; };
		A5932EA928E047E000457AD3 /* OnboardingDataModel.swift */ = {isa = PBXFileReference; lastKnownFileType = sourcecode.swift; path = OnboardingDataModel.swift; sourceTree = "<group>"; };
		A5B69C292960095000052D2B /* Pretendard-Light.otf */ = {isa = PBXFileReference; lastKnownFileType = file; path = "Pretendard-Light.otf"; sourceTree = "<group>"; };
		A5B69C2A2960095100052D2B /* Pretendard-Bold.otf */ = {isa = PBXFileReference; lastKnownFileType = file; path = "Pretendard-Bold.otf"; sourceTree = "<group>"; };
		A5B69C2B2960095100052D2B /* Pretendard-Black.otf */ = {isa = PBXFileReference; lastKnownFileType = file; path = "Pretendard-Black.otf"; sourceTree = "<group>"; };
		A5B69C2C2960095100052D2B /* Pretendard-Thin.otf */ = {isa = PBXFileReference; lastKnownFileType = file; path = "Pretendard-Thin.otf"; sourceTree = "<group>"; };
		A5B69C2D2960095100052D2B /* Pretendard-ExtraLight.otf */ = {isa = PBXFileReference; lastKnownFileType = file; path = "Pretendard-ExtraLight.otf"; sourceTree = "<group>"; };
		A5B69C2E2960095100052D2B /* Pretendard-Regular.otf */ = {isa = PBXFileReference; lastKnownFileType = file; path = "Pretendard-Regular.otf"; sourceTree = "<group>"; };
		A5B69C2F2960095100052D2B /* Pretendard-SemiBold.otf */ = {isa = PBXFileReference; lastKnownFileType = file; path = "Pretendard-SemiBold.otf"; sourceTree = "<group>"; };
		A5B69C302960095100052D2B /* Pretendard-ExtraBold.otf */ = {isa = PBXFileReference; lastKnownFileType = file; path = "Pretendard-ExtraBold.otf"; sourceTree = "<group>"; };
		A5B69C312960095100052D2B /* Pretendard-Medium.otf */ = {isa = PBXFileReference; lastKnownFileType = file; path = "Pretendard-Medium.otf"; sourceTree = "<group>"; };
		A5B69C3B29600A1000052D2B /* UIFont+.swift */ = {isa = PBXFileReference; lastKnownFileType = sourcecode.swift; path = "UIFont+.swift"; sourceTree = "<group>"; };
		A5E8DD06291FA217006AF2CE /* NetworkCheck.swift */ = {isa = PBXFileReference; lastKnownFileType = sourcecode.swift; path = NetworkCheck.swift; sourceTree = "<group>"; };
		A5E8DD09291FA75A006AF2CE /* NetworkVC.swift */ = {isa = PBXFileReference; lastKnownFileType = sourcecode.swift; path = NetworkVC.swift; sourceTree = "<group>"; };
		A5F8288128DEAE3C00C5D6A2 /* OnboardingVC.swift */ = {isa = PBXFileReference; lastKnownFileType = sourcecode.swift; path = OnboardingVC.swift; sourceTree = "<group>"; };
		A5F8288428DEB03A00C5D6A2 /* OnboardingCoordinator.swift */ = {isa = PBXFileReference; lastKnownFileType = sourcecode.swift; path = OnboardingCoordinator.swift; sourceTree = "<group>"; };
		A5F8288628DEB63D00C5D6A2 /* FTUXStorage.swift */ = {isa = PBXFileReference; lastKnownFileType = sourcecode.swift; path = FTUXStorage.swift; sourceTree = "<group>"; };
		A5F8288928DEC0CF00C5D6A2 /* UIButton+.swift */ = {isa = PBXFileReference; lastKnownFileType = sourcecode.swift; path = "UIButton+.swift"; sourceTree = "<group>"; };
		A5F8288B28DECEE700C5D6A2 /* Strings.swift */ = {isa = PBXFileReference; lastKnownFileType = sourcecode.swift; path = Strings.swift; sourceTree = "<group>"; };
		A5F8288D28DED76700C5D6A2 /* UILabel+.swift */ = {isa = PBXFileReference; lastKnownFileType = sourcecode.swift; path = "UILabel+.swift"; sourceTree = "<group>"; };
		BA1CCACA28FB01DE0002FD8C /* ViewModel.swift */ = {isa = PBXFileReference; lastKnownFileType = sourcecode.swift; path = ViewModel.swift; sourceTree = "<group>"; };
		BA1CCACC28FB9A450002FD8C /* Viewable.swift */ = {isa = PBXFileReference; lastKnownFileType = sourcecode.swift; path = Viewable.swift; sourceTree = "<group>"; };
		BA27023028CF5DCD0039D9EA /* Coordinator.swift */ = {isa = PBXFileReference; lastKnownFileType = sourcecode.swift; path = Coordinator.swift; sourceTree = "<group>"; };
		BA27024828CF618E0039D9EA /* HomeCoordinator.swift */ = {isa = PBXFileReference; lastKnownFileType = sourcecode.swift; path = HomeCoordinator.swift; sourceTree = "<group>"; };
		BA343AB02963139900DE8016 /* Int+.swift */ = {isa = PBXFileReference; lastKnownFileType = sourcecode.swift; path = "Int+.swift"; sourceTree = "<group>"; };
		BA5A433B28F2FF15008DCDCC /* ProductVC.swift */ = {isa = PBXFileReference; lastKnownFileType = sourcecode.swift; path = ProductVC.swift; sourceTree = "<group>"; };
		BA5A433D28F2FF47008DCDCC /* ProductCoordinator.swift */ = {isa = PBXFileReference; lastKnownFileType = sourcecode.swift; path = ProductCoordinator.swift; sourceTree = "<group>"; };
		BA8CF87B290D10CB009770C0 /* ProductHeaderViewViewModel.swift */ = {isa = PBXFileReference; lastKnownFileType = sourcecode.swift; path = ProductHeaderViewViewModel.swift; sourceTree = "<group>"; };
		BA8CFD7C28E1E4AB00ADC4A8 /* UIColor+.swift */ = {isa = PBXFileReference; lastKnownFileType = sourcecode.swift; path = "UIColor+.swift"; sourceTree = "<group>"; };
		BA9EBC0F2949BBC600167970 /* TargetType.swift */ = {isa = PBXFileReference; lastKnownFileType = sourcecode.swift; path = TargetType.swift; sourceTree = "<group>"; };
		BA9EBC112949F49D00167970 /* PrivateKeys.swift */ = {isa = PBXFileReference; lastKnownFileType = sourcecode.swift; path = PrivateKeys.swift; sourceTree = "<group>"; };
		BA9EBC13294A032800167970 /* ProductTarget.swift */ = {isa = PBXFileReference; lastKnownFileType = sourcecode.swift; path = ProductTarget.swift; sourceTree = "<group>"; };
		BA9EBC15294A04E500167970 /* Encodable+.swift */ = {isa = PBXFileReference; lastKnownFileType = sourcecode.swift; path = "Encodable+.swift"; sourceTree = "<group>"; };
		BA9EBC1A294A115300167970 /* PyeonHaengAPI.swift */ = {isa = PBXFileReference; lastKnownFileType = sourcecode.swift; path = PyeonHaengAPI.swift; sourceTree = "<group>"; };
		BA9EBC1C294AED8E00167970 /* ReponseModel.swift */ = {isa = PBXFileReference; lastKnownFileType = sourcecode.swift; path = ReponseModel.swift; sourceTree = "<group>"; };
		BA9EDA9A2918BF2B00B97C23 /* ProductModel.swift */ = {isa = PBXFileReference; fileEncoding = 4; lastKnownFileType = sourcecode.swift; path = ProductModel.swift; sourceTree = "<group>"; };
		BA9EDA9C2918BF8F00B97C23 /* Date+.swift */ = {isa = PBXFileReference; fileEncoding = 4; lastKnownFileType = sourcecode.swift; path = "Date+.swift"; sourceTree = "<group>"; };
		BAA0580F28D36F75000CDD11 /* BaseViewController.swift */ = {isa = PBXFileReference; lastKnownFileType = sourcecode.swift; path = BaseViewController.swift; sourceTree = "<group>"; };
		BAA0F53028FCF88300B632AC /* BaseCoordinator.swift */ = {isa = PBXFileReference; lastKnownFileType = sourcecode.swift; path = BaseCoordinator.swift; sourceTree = "<group>"; };
		BAA0F53428FD353500B632AC /* AppCoordinator.swift */ = {isa = PBXFileReference; lastKnownFileType = sourcecode.swift; path = AppCoordinator.swift; sourceTree = "<group>"; };
		BAA1AAE62962AFAE00E763D1 /* ProductViewModel.swift */ = {isa = PBXFileReference; lastKnownFileType = sourcecode.swift; path = ProductViewModel.swift; sourceTree = "<group>"; };
		BABC84B128F58F5A00D6DF45 /* Preview.swift */ = {isa = PBXFileReference; lastKnownFileType = sourcecode.swift; path = Preview.swift; sourceTree = "<group>"; };
		BAD70BD7291A58CB00C39863 /* SortType.swift */ = {isa = PBXFileReference; lastKnownFileType = sourcecode.swift; path = SortType.swift; sourceTree = "<group>"; };
		BAD70BD9291A594F00C39863 /* RequestTypeModel.swift */ = {isa = PBXFileReference; lastKnownFileType = sourcecode.swift; path = RequestTypeModel.swift; sourceTree = "<group>"; };
		BAEF774828F412FA006B0274 /* ProductCollectionHeaderView.swift */ = {isa = PBXFileReference; lastKnownFileType = sourcecode.swift; path = ProductCollectionHeaderView.swift; sourceTree = "<group>"; };
		E505D9E728CF5B4A00EEFC65 /* PPAK_CVS.app */ = {isa = PBXFileReference; explicitFileType = wrapper.application; includeInIndex = 0; path = PPAK_CVS.app; sourceTree = BUILT_PRODUCTS_DIR; };
		E505D9EA28CF5B4A00EEFC65 /* AppDelegate.swift */ = {isa = PBXFileReference; lastKnownFileType = sourcecode.swift; path = AppDelegate.swift; sourceTree = "<group>"; };
		E505D9EC28CF5B4A00EEFC65 /* SceneDelegate.swift */ = {isa = PBXFileReference; lastKnownFileType = sourcecode.swift; path = SceneDelegate.swift; sourceTree = "<group>"; };
		E505D9EE28CF5B4A00EEFC65 /* HomeVC.swift */ = {isa = PBXFileReference; lastKnownFileType = sourcecode.swift; path = HomeVC.swift; sourceTree = "<group>"; };
		E505D9F328CF5B4B00EEFC65 /* Assets.xcassets */ = {isa = PBXFileReference; lastKnownFileType = folder.assetcatalog; path = Assets.xcassets; sourceTree = "<group>"; };
		E505D9F628CF5B4B00EEFC65 /* Base */ = {isa = PBXFileReference; lastKnownFileType = file.storyboard; name = Base; path = Base.lproj/LaunchScreen.storyboard; sourceTree = "<group>"; };
		E505D9F828CF5B4B00EEFC65 /* Info.plist */ = {isa = PBXFileReference; lastKnownFileType = text.plist.xml; path = Info.plist; sourceTree = "<group>"; };
		E50F851129589AFB008B7052 /* Storage.swift */ = {isa = PBXFileReference; lastKnownFileType = sourcecode.swift; path = Storage.swift; sourceTree = "<group>"; };
		E5103250290B4A0300D2F007 /* UIView+.swift */ = {isa = PBXFileReference; lastKnownFileType = sourcecode.swift; path = "UIView+.swift"; sourceTree = "<group>"; };
		E51669EF29338593006C9635 /* LoadingCell.swift */ = {isa = PBXFileReference; lastKnownFileType = sourcecode.swift; path = LoadingCell.swift; sourceTree = "<group>"; };
		E5467E4928D45DF40031B785 /* TopCurveView.swift */ = {isa = PBXFileReference; lastKnownFileType = sourcecode.swift; path = TopCurveView.swift; sourceTree = "<group>"; };
		E5467E4B28D45DFE0031B785 /* BottomCurveView.swift */ = {isa = PBXFileReference; lastKnownFileType = sourcecode.swift; path = BottomCurveView.swift; sourceTree = "<group>"; };
		E54D9C4128F1A18100D028B2 /* BookmarkCollectionHeaderView.swift */ = {isa = PBXFileReference; lastKnownFileType = sourcecode.swift; path = BookmarkCollectionHeaderView.swift; sourceTree = "<group>"; };
		E54D9C4328F1A19000D028B2 /* BookmarkCoordinator.swift */ = {isa = PBXFileReference; lastKnownFileType = sourcecode.swift; path = BookmarkCoordinator.swift; sourceTree = "<group>"; };
		E54D9C4528F1A19B00D028B2 /* BookmarkViewModel.swift */ = {isa = PBXFileReference; lastKnownFileType = sourcecode.swift; path = BookmarkViewModel.swift; sourceTree = "<group>"; };
		E54D9C4728F1A1A300D028B2 /* BookmarkVC.swift */ = {isa = PBXFileReference; lastKnownFileType = sourcecode.swift; path = BookmarkVC.swift; sourceTree = "<group>"; };
		E55BEBE028D6A82400804FCB /* SearchBar.swift */ = {isa = PBXFileReference; lastKnownFileType = sourcecode.swift; path = SearchBar.swift; sourceTree = "<group>"; };
		E580BF2228E0646200BE7ADC /* GoodsCell.swift */ = {isa = PBXFileReference; lastKnownFileType = sourcecode.swift; path = GoodsCell.swift; sourceTree = "<group>"; };
		E580BF2428E0649E00BE7ADC /* HomeCollectionHeaderView.swift */ = {isa = PBXFileReference; lastKnownFileType = sourcecode.swift; path = HomeCollectionHeaderView.swift; sourceTree = "<group>"; };
		E59041DD2928FB8100135ECA /* SaleTypeView.swift */ = {isa = PBXFileReference; lastKnownFileType = sourcecode.swift; path = SaleTypeView.swift; sourceTree = "<group>"; };
		E5A877BF28D4A34D002A2402 /* EventControl.swift */ = {isa = PBXFileReference; lastKnownFileType = sourcecode.swift; path = EventControl.swift; sourceTree = "<group>"; };
		E5B249C22962CB6400081609 /* BookmarkPopup.swift */ = {isa = PBXFileReference; lastKnownFileType = sourcecode.swift; path = BookmarkPopup.swift; sourceTree = "<group>"; };
		E5B9965628E2872A00E39566 /* CVSDropdownView.swift */ = {isa = PBXFileReference; lastKnownFileType = sourcecode.swift; path = CVSDropdownView.swift; sourceTree = "<group>"; };
		E5B9965A28E2A16D00E39566 /* SortDropdownView.swift */ = {isa = PBXFileReference; lastKnownFileType = sourcecode.swift; path = SortDropdownView.swift; sourceTree = "<group>"; };
		E5C9025128E2DB480086BDE9 /* HomeViewModel.swift */ = {isa = PBXFileReference; lastKnownFileType = sourcecode.swift; path = HomeViewModel.swift; sourceTree = "<group>"; };
/* End PBXFileReference section */

/* Begin PBXFrameworksBuildPhase section */
		E505D9E428CF5B4A00EEFC65 /* Frameworks */ = {
			isa = PBXFrameworksBuildPhase;
			buildActionMask = 2147483647;
			files = (
				BA27024728CF61020039D9EA /* Kingfisher in Frameworks */,
				BA1CCAC228FAFE500002FD8C /* WeakMapTable in Frameworks */,
				E5564B84295D401C00BDB7EE /* RxOptional in Frameworks */,
				A5932EA028E0435200457AD3 /* Lottie in Frameworks */,
				E5F9CCA228EF10EA0084CD63 /* RxGesture in Frameworks */,
				BA27023F28CF60830039D9EA /* Alamofire in Frameworks */,
				BA27023928CF60570039D9EA /* SnapKit in Frameworks */,
				BA27024428CF60A30039D9EA /* RxSwift in Frameworks */,
				BA27024228CF60A30039D9EA /* RxCocoa in Frameworks */,
				BA27023C28CF606A0039D9EA /* Then in Frameworks */,
			);
			runOnlyForDeploymentPostprocessing = 0;
		};
/* End PBXFrameworksBuildPhase section */

/* Begin PBXGroup section */
		9C5C03A6292B9F840000989F /* Setting */ = {
			isa = PBXGroup;
			children = (
				9C5C03A4292B9F770000989F /* SettingVC.swift */,
				9C40085A295DCAB500C7E2DE /* SettingCoordinator.swift */,
				9C07AE822934D763002CFE3F /* SettingTableViewCell.swift */,
				9C40085C295DCACA00C7E2DE /* SettingViewModel.swift */,
				9CDBFCD0296C331C00357474 /* SettingConfig.swift */,
			);
			path = Setting;
			sourceTree = "<group>";
		};
		9CCFA4FB28F457E100963A95 /* Constants */ = {
			isa = PBXGroup;
			children = (
				9CCFA4FC28F4584400963A95 /* Enum */,
				BA9EBC112949F49D00167970 /* PrivateKeys.swift */,
			);
			path = Constants;
			sourceTree = "<group>";
		};
		9CCFA4FC28F4584400963A95 /* Enum */ = {
			isa = PBXGroup;
			children = (
				9C798F8B28EAEC5D00FE250C /* CvsType.swift */,
				9CCFA4FD28F4585E00963A95 /* EventType.swift */,
				BAD70BD7291A58CB00C39863 /* SortType.swift */,
				A5F8288B28DECEE700C5D6A2 /* Strings.swift */,
			);
			path = Enum;
			sourceTree = "<group>";
		};
		A5932EA128E044BF00457AD3 /* Lottie */ = {
			isa = PBXGroup;
			children = (
				A54949D2296F052F00844828 /* noBookmark.json */,
				A5932EA228E044CB00457AD3 /* onboarding1.json */,
				A5932EA628E0472B00457AD3 /* onboarding2.json */,
				A5932EA428E045EF00457AD3 /* onboarding3.json */,
			);
			path = Lottie;
			sourceTree = "<group>";
		};
		A5932EA828E047B400457AD3 /* Models */ = {
			isa = PBXGroup;
			children = (
				A5932EA928E047E000457AD3 /* OnboardingDataModel.swift */,
				BA9EDA9A2918BF2B00B97C23 /* ProductModel.swift */,
				BA9EBC1C294AED8E00167970 /* ReponseModel.swift */,
				BAD70BD9291A594F00C39863 /* RequestTypeModel.swift */,
			);
			path = Models;
			sourceTree = "<group>";
		};
		A5B69C282960093500052D2B /* Fonts */ = {
			isa = PBXGroup;
			children = (
				A5B69C2B2960095100052D2B /* Pretendard-Black.otf */,
				A5B69C2A2960095100052D2B /* Pretendard-Bold.otf */,
				A5B69C302960095100052D2B /* Pretendard-ExtraBold.otf */,
				A5B69C2D2960095100052D2B /* Pretendard-ExtraLight.otf */,
				A5B69C292960095000052D2B /* Pretendard-Light.otf */,
				A5B69C312960095100052D2B /* Pretendard-Medium.otf */,
				A5B69C2E2960095100052D2B /* Pretendard-Regular.otf */,
				A5B69C2F2960095100052D2B /* Pretendard-SemiBold.otf */,
				A5B69C2C2960095100052D2B /* Pretendard-Thin.otf */,
			);
			path = Fonts;
			sourceTree = "<group>";
		};
		A5E8DD08291FA722006AF2CE /* Network */ = {
			isa = PBXGroup;
			children = (
				A5E8DD09291FA75A006AF2CE /* NetworkVC.swift */,
			);
			path = Network;
			sourceTree = "<group>";
		};
		A5F8288328DEAE4300C5D6A2 /* Onboarding */ = {
			isa = PBXGroup;
			children = (
				A5F8288428DEB03A00C5D6A2 /* OnboardingCoordinator.swift */,
				A5F8288128DEAE3C00C5D6A2 /* OnboardingVC.swift */,
				A57D32E328EDBA0200944C7E /* OnboardingViewModel.swift */,
			);
			path = Onboarding;
			sourceTree = "<group>";
		};
		A5F8288828DEC09B00C5D6A2 /* Extensions */ = {
			isa = PBXGroup;
			children = (
				BA9EBC15294A04E500167970 /* Encodable+.swift */,
				BA9EDA9C2918BF8F00B97C23 /* Date+.swift */,
				BA343AB02963139900DE8016 /* Int+.swift */,
				9CA7150D293CE26300AEE436 /* NSAttributedString+.swift */,
				BABC84B128F58F5A00D6DF45 /* Preview.swift */,
				A5F8288928DEC0CF00C5D6A2 /* UIButton+.swift */,
				BA8CFD7C28E1E4AB00ADC4A8 /* UIColor+.swift */,
				A5B69C3B29600A1000052D2B /* UIFont+.swift */,
				A5F8288D28DED76700C5D6A2 /* UILabel+.swift */,
				E5103250290B4A0300D2F007 /* UIView+.swift */,
			);
			path = Extensions;
			sourceTree = "<group>";
		};
		BA27023228CF5EF30039D9EA /* Configuration */ = {
			isa = PBXGroup;
			children = (
				BA27023428CF5F0D0039D9EA /* Assets */,
				BA27023528CF5F180039D9EA /* Base */,
				A5F8288828DEC09B00C5D6A2 /* Extensions */,
				A5932EA128E044BF00457AD3 /* Lottie */,
				9CCFA4FB28F457E100963A95 /* Constants */,
			);
			path = Configuration;
			sourceTree = "<group>";
		};
		BA27023328CF5EFF0039D9EA /* Sources */ = {
			isa = PBXGroup;
			children = (
				BAA0F53428FD353500B632AC /* AppCoordinator.swift */,
				E505D9EA28CF5B4A00EEFC65 /* AppDelegate.swift */,
				E505D9EC28CF5B4A00EEFC65 /* SceneDelegate.swift */,
				E50F851029589AEE008B7052 /* Storage */,
				BAA21ACC29155A0F00056DB6 /* Network */,
				A5932EA828E047B400457AD3 /* Models */,
				E584487C28D55B9000E25265 /* Scenes */,
			);
			path = Sources;
			sourceTree = "<group>";
		};
		BA27023428CF5F0D0039D9EA /* Assets */ = {
			isa = PBXGroup;
			children = (
				E505D9F328CF5B4B00EEFC65 /* Assets.xcassets */,
				A5B69C282960093500052D2B /* Fonts */,
			);
			path = Assets;
			sourceTree = "<group>";
		};
		BA27023528CF5F180039D9EA /* Base */ = {
			isa = PBXGroup;
			children = (
				E505D9F528CF5B4B00EEFC65 /* LaunchScreen.storyboard */,
				BA27023028CF5DCD0039D9EA /* Coordinator.swift */,
				BAA0F53028FCF88300B632AC /* BaseCoordinator.swift */,
				BAA0580F28D36F75000CDD11 /* BaseViewController.swift */,
				BA9EBC0F2949BBC600167970 /* TargetType.swift */,
				BA1CCACA28FB01DE0002FD8C /* ViewModel.swift */,
				BA1CCACC28FB9A450002FD8C /* Viewable.swift */,
			);
			path = Base;
			sourceTree = "<group>";
		};
		BA27023628CF5F580039D9EA /* Home */ = {
			isa = PBXGroup;
			children = (
				E580BF2428E0649E00BE7ADC /* HomeCollectionHeaderView.swift */,
				BA27024828CF618E0039D9EA /* HomeCoordinator.swift */,
				E505D9EE28CF5B4A00EEFC65 /* HomeVC.swift */,
				E5C9025128E2DB480086BDE9 /* HomeViewModel.swift */,
			);
			path = Home;
			sourceTree = "<group>";
		};
		BA3B763C28D89E6F00CC32BE /* Common */ = {
			isa = PBXGroup;
			children = (
				E5467E4928D45DF40031B785 /* TopCurveView.swift */,
				E5467E4B28D45DFE0031B785 /* BottomCurveView.swift */,
				E5A877BF28D4A34D002A2402 /* EventControl.swift */,
				E55BEBE028D6A82400804FCB /* SearchBar.swift */,
				E580BF2228E0646200BE7ADC /* GoodsCell.swift */,
				9C798F8928EAE9DA00FE250C /* TitleLogoView.swift */,
				E59041DD2928FB8100135ECA /* SaleTypeView.swift */,
				E5B9965628E2872A00E39566 /* CVSDropdownView.swift */,
				E5B9965A28E2A16D00E39566 /* SortDropdownView.swift */,
				E51669EF29338593006C9635 /* LoadingCell.swift */,
			);
			path = Common;
			sourceTree = "<group>";
		};
		BA5A433A28F2BC4C008DCDCC /* Product */ = {
			isa = PBXGroup;
			children = (
				BAEF774828F412FA006B0274 /* ProductCollectionHeaderView.swift */,
				BA5A433D28F2FF47008DCDCC /* ProductCoordinator.swift */,
				BA8CF87B290D10CB009770C0 /* ProductHeaderViewViewModel.swift */,
				BA5A433B28F2FF15008DCDCC /* ProductVC.swift */,
				BAA1AAE62962AFAE00E763D1 /* ProductViewModel.swift */,
			);
			path = Product;
			sourceTree = "<group>";
		};
		BA9EDA8F2917F98B00B97C23 /* Frameworks */ = {
			isa = PBXGroup;
			children = (
			);
			name = Frameworks;
			sourceTree = "<group>";
		};
		BAA21ACC29155A0F00056DB6 /* Network */ = {
			isa = PBXGroup;
			children = (
				A5E8DD06291FA217006AF2CE /* NetworkCheck.swift */,
				BA9EBC1A294A115300167970 /* PyeonHaengAPI.swift */,
				BA9EBC13294A032800167970 /* ProductTarget.swift */,
			);
			path = Network;
			sourceTree = "<group>";
		};
		E505D9DE28CF5B4A00EEFC65 = {
			isa = PBXGroup;
			children = (
				E505D9E928CF5B4A00EEFC65 /* PPAK_CVS */,
				E505D9E828CF5B4A00EEFC65 /* Products */,
				BA9EDA8F2917F98B00B97C23 /* Frameworks */,
			);
			sourceTree = "<group>";
		};
		E505D9E828CF5B4A00EEFC65 /* Products */ = {
			isa = PBXGroup;
			children = (
				E505D9E728CF5B4A00EEFC65 /* PPAK_CVS.app */,
			);
			name = Products;
			sourceTree = "<group>";
		};
		E505D9E928CF5B4A00EEFC65 /* PPAK_CVS */ = {
			isa = PBXGroup;
			children = (
				BA27023228CF5EF30039D9EA /* Configuration */,
				BA27023328CF5EFF0039D9EA /* Sources */,
				E505D9F828CF5B4B00EEFC65 /* Info.plist */,
			);
			path = PPAK_CVS;
			sourceTree = "<group>";
		};
		E50F851029589AEE008B7052 /* Storage */ = {
			isa = PBXGroup;
			children = (
				E50F851129589AFB008B7052 /* Storage.swift */,
				A5F8288628DEB63D00C5D6A2 /* FTUXStorage.swift */,
			);
			path = Storage;
			sourceTree = "<group>";
		};
		E54D9C4028F1A16700D028B2 /* Bookmark */ = {
			isa = PBXGroup;
			children = (
				E54D9C4128F1A18100D028B2 /* BookmarkCollectionHeaderView.swift */,
				E54D9C4728F1A1A300D028B2 /* BookmarkVC.swift */,
				E5B249C22962CB6400081609 /* BookmarkPopup.swift */,
				E54D9C4328F1A19000D028B2 /* BookmarkCoordinator.swift */,
				E54D9C4528F1A19B00D028B2 /* BookmarkViewModel.swift */,
			);
			path = Bookmark;
			sourceTree = "<group>";
		};
		E584487C28D55B9000E25265 /* Scenes */ = {
			isa = PBXGroup;
			children = (
				BA3B763C28D89E6F00CC32BE /* Common */,
				BA27023628CF5F580039D9EA /* Home */,
				E54D9C4028F1A16700D028B2 /* Bookmark */,
				A5E8DD08291FA722006AF2CE /* Network */,
				A5F8288328DEAE4300C5D6A2 /* Onboarding */,
				9C5C03A6292B9F840000989F /* Setting */,
				BA5A433A28F2BC4C008DCDCC /* Product */,
			);
			path = Scenes;
			sourceTree = "<group>";
		};
/* End PBXGroup section */

/* Begin PBXNativeTarget section */
		E505D9E628CF5B4A00EEFC65 /* PPAK_CVS */ = {
			isa = PBXNativeTarget;
			buildConfigurationList = E505D9FB28CF5B4B00EEFC65 /* Build configuration list for PBXNativeTarget "PPAK_CVS" */;
			buildPhases = (
				E505D9E328CF5B4A00EEFC65 /* Sources */,
				E505D9E428CF5B4A00EEFC65 /* Frameworks */,
				E505D9E528CF5B4A00EEFC65 /* Resources */,
				BA27022F28CF5C1A0039D9EA /* SwiftLint */,
			);
			buildRules = (
			);
			dependencies = (
			);
			name = PPAK_CVS;
			packageProductDependencies = (
				BA27023828CF60570039D9EA /* SnapKit */,
				BA27023B28CF606A0039D9EA /* Then */,
				BA27023E28CF60830039D9EA /* Alamofire */,
				BA27024128CF60A30039D9EA /* RxCocoa */,
				BA27024328CF60A30039D9EA /* RxSwift */,
				BA27024628CF61020039D9EA /* Kingfisher */,
				A5932E9F28E0435200457AD3 /* Lottie */,
				E5F9CCA128EF10EA0084CD63 /* RxGesture */,
				BA1CCAC128FAFE500002FD8C /* WeakMapTable */,
				E5564B83295D401C00BDB7EE /* RxOptional */,
			);
			productName = PPAK_CVS;
			productReference = E505D9E728CF5B4A00EEFC65 /* PPAK_CVS.app */;
			productType = "com.apple.product-type.application";
		};
/* End PBXNativeTarget section */

/* Begin PBXProject section */
		E505D9DF28CF5B4A00EEFC65 /* Project object */ = {
			isa = PBXProject;
			attributes = {
				BuildIndependentTargetsInParallel = 1;
				LastSwiftUpdateCheck = 1340;
				LastUpgradeCheck = 1340;
				TargetAttributes = {
					E505D9E628CF5B4A00EEFC65 = {
						CreatedOnToolsVersion = 13.4.1;
					};
				};
			};
			buildConfigurationList = E505D9E228CF5B4A00EEFC65 /* Build configuration list for PBXProject "PPAK_CVS" */;
			compatibilityVersion = "Xcode 13.0";
			developmentRegion = en;
			hasScannedForEncodings = 0;
			knownRegions = (
				en,
				Base,
			);
			mainGroup = E505D9DE28CF5B4A00EEFC65;
			packageReferences = (
				BA27023728CF60570039D9EA /* XCRemoteSwiftPackageReference "SnapKit" */,
				BA27023A28CF606A0039D9EA /* XCRemoteSwiftPackageReference "Then" */,
				BA27023D28CF60830039D9EA /* XCRemoteSwiftPackageReference "Alamofire" */,
				BA27024028CF60A30039D9EA /* XCRemoteSwiftPackageReference "RxSwift" */,
				BA27024528CF61020039D9EA /* XCRemoteSwiftPackageReference "Kingfisher" */,
				A5932E9E28E0435200457AD3 /* XCRemoteSwiftPackageReference "lottie-ios" */,
				E5F9CCA028EF10EA0084CD63 /* XCRemoteSwiftPackageReference "RxGesture" */,
				BA1CCAC028FAFE500002FD8C /* XCRemoteSwiftPackageReference "WeakMapTable" */,
				E5564B82295D401B00BDB7EE /* XCRemoteSwiftPackageReference "RxOptional" */,
			);
			productRefGroup = E505D9E828CF5B4A00EEFC65 /* Products */;
			projectDirPath = "";
			projectRoot = "";
			targets = (
				E505D9E628CF5B4A00EEFC65 /* PPAK_CVS */,
			);
		};
/* End PBXProject section */

/* Begin PBXResourcesBuildPhase section */
		E505D9E528CF5B4A00EEFC65 /* Resources */ = {
			isa = PBXResourcesBuildPhase;
			buildActionMask = 2147483647;
			files = (
				E505D9F728CF5B4B00EEFC65 /* LaunchScreen.storyboard in Resources */,
				E505D9F428CF5B4B00EEFC65 /* Assets.xcassets in Resources */,
				A5B69C362960095100052D2B /* Pretendard-ExtraLight.otf in Resources */,
				A5B69C382960095100052D2B /* Pretendard-SemiBold.otf in Resources */,
				A5B69C332960095100052D2B /* Pretendard-Bold.otf in Resources */,
				A5B69C352960095100052D2B /* Pretendard-Thin.otf in Resources */,
				A5932EA328E044CB00457AD3 /* onboarding1.json in Resources */,
				A54949D3296F052F00844828 /* noBookmark.json in Resources */,
				A5B69C3A2960095100052D2B /* Pretendard-Medium.otf in Resources */,
				A5932EA528E045EF00457AD3 /* onboarding3.json in Resources */,
				A5932EA728E0472B00457AD3 /* onboarding2.json in Resources */,
				A5B69C392960095100052D2B /* Pretendard-ExtraBold.otf in Resources */,
				A5B69C372960095100052D2B /* Pretendard-Regular.otf in Resources */,
				A5B69C342960095100052D2B /* Pretendard-Black.otf in Resources */,
				A5B69C322960095100052D2B /* Pretendard-Light.otf in Resources */,
			);
			runOnlyForDeploymentPostprocessing = 0;
		};
/* End PBXResourcesBuildPhase section */

/* Begin PBXShellScriptBuildPhase section */
		BA27022F28CF5C1A0039D9EA /* SwiftLint */ = {
			isa = PBXShellScriptBuildPhase;
			alwaysOutOfDate = 1;
			buildActionMask = 2147483647;
			files = (
			);
			inputFileListPaths = (
			);
			inputPaths = (
			);
			name = SwiftLint;
			outputFileListPaths = (
			);
			outputPaths = (
			);
			runOnlyForDeploymentPostprocessing = 0;
			shellPath = /bin/sh;
			shellScript = "export PATH=\"$PATH:/opt/homebrew/bin\"\nif which swiftlint >/dev/null; then\n    if [ \"$CONFIGURATION\" ]; then\n        HOOKS_PATH=$(git config --get core.hooksPath)\n        if [ \".githooks\" != \"$HOOKS_PATH\" ]; then\n            git config core.hooksPath .githooks\n        fi\n    fi\n    swiftlint --fix && swiftlint\nelse\n    echo \"warning: SwiftLint not installed, download from https://github.com/realm/SwiftLint\"\nfi\n";
		};
/* End PBXShellScriptBuildPhase section */

/* Begin PBXSourcesBuildPhase section */
		E505D9E328CF5B4A00EEFC65 /* Sources */ = {
			isa = PBXSourcesBuildPhase;
			buildActionMask = 2147483647;
			files = (
				A5932EAA28E047E000457AD3 /* OnboardingDataModel.swift in Sources */,
				E5C9025228E2DB480086BDE9 /* HomeViewModel.swift in Sources */,
				BAA0F53528FD353500B632AC /* AppCoordinator.swift in Sources */,
				BA1CCACD28FB9A450002FD8C /* Viewable.swift in Sources */,
				E5B249C32962CB6400081609 /* BookmarkPopup.swift in Sources */,
				A5F8288728DEB63D00C5D6A2 /* FTUXStorage.swift in Sources */,
				A5E8DD07291FA217006AF2CE /* NetworkCheck.swift in Sources */,
				BA9EBC1D294AED8E00167970 /* ReponseModel.swift in Sources */,
				A5E8DD0A291FA75A006AF2CE /* NetworkVC.swift in Sources */,
				A5F8288A28DEC0CF00C5D6A2 /* UIButton+.swift in Sources */,
				BA9EDA9B2918BF2B00B97C23 /* ProductModel.swift in Sources */,
				A5F8288E28DED76700C5D6A2 /* UILabel+.swift in Sources */,
				9C798F8C28EAEC5D00FE250C /* CvsType.swift in Sources */,
				BA5A433E28F2FF47008DCDCC /* ProductCoordinator.swift in Sources */,
				9C40085D295DCACA00C7E2DE /* SettingViewModel.swift in Sources */,
				BA27023128CF5DCD0039D9EA /* Coordinator.swift in Sources */,
				BA5A433C28F2FF15008DCDCC /* ProductVC.swift in Sources */,
				A5F8288528DEB03A00C5D6A2 /* OnboardingCoordinator.swift in Sources */,
				E54D9C4228F1A18100D028B2 /* BookmarkCollectionHeaderView.swift in Sources */,
				E505D9EF28CF5B4A00EEFC65 /* HomeVC.swift in Sources */,
				9C07AE832934D763002CFE3F /* SettingTableViewCell.swift in Sources */,
				E5A877C028D4A34D002A2402 /* EventControl.swift in Sources */,
				E5B9965728E2872A00E39566 /* CVSDropdownView.swift in Sources */,
				BA343AB12963139900DE8016 /* Int+.swift in Sources */,
				BAD70BDA291A594F00C39863 /* RequestTypeModel.swift in Sources */,
				BA27024928CF618E0039D9EA /* HomeCoordinator.swift in Sources */,
				BA8CFD7D28E1E4AB00ADC4A8 /* UIColor+.swift in Sources */,
				E5103251290B4A0300D2F007 /* UIView+.swift in Sources */,
				A5F8288C28DECEE700C5D6A2 /* Strings.swift in Sources */,
				9C798F8A28EAE9DA00FE250C /* TitleLogoView.swift in Sources */,
				9CA7150E293CE26300AEE436 /* NSAttributedString+.swift in Sources */,
				BAEF774928F412FA006B0274 /* ProductCollectionHeaderView.swift in Sources */,
				E50F851229589AFB008B7052 /* Storage.swift in Sources */,
				BABC84B228F58F5A00D6DF45 /* Preview.swift in Sources */,
				E505D9EB28CF5B4A00EEFC65 /* AppDelegate.swift in Sources */,
				BA9EDA9D2918BF9000B97C23 /* Date+.swift in Sources */,
				E505D9ED28CF5B4A00EEFC65 /* SceneDelegate.swift in Sources */,
				E580BF2528E0649E00BE7ADC /* HomeCollectionHeaderView.swift in Sources */,
				E580BF2328E0646200BE7ADC /* GoodsCell.swift in Sources */,
				BAA1AAE72962AFAE00E763D1 /* ProductViewModel.swift in Sources */,
				BA9EBC102949BBC600167970 /* TargetType.swift in Sources */,
				9C40085B295DCAB500C7E2DE /* SettingCoordinator.swift in Sources */,
				E5B9965B28E2A16D00E39566 /* SortDropdownView.swift in Sources */,
				BA8CF87C290D10CB009770C0 /* ProductHeaderViewViewModel.swift in Sources */,
				A5F8288228DEAE3C00C5D6A2 /* OnboardingVC.swift in Sources */,
				9C5C03A5292B9F770000989F /* SettingVC.swift in Sources */,
				BA9EBC1B294A115300167970 /* PyeonHaengAPI.swift in Sources */,
				BA9EBC14294A032800167970 /* ProductTarget.swift in Sources */,
				E54D9C4428F1A19000D028B2 /* BookmarkCoordinator.swift in Sources */,
				BA1CCACB28FB01DE0002FD8C /* ViewModel.swift in Sources */,
				BA9EBC122949F49D00167970 /* PrivateKeys.swift in Sources */,
				E5467E4C28D45DFE0031B785 /* BottomCurveView.swift in Sources */,
				BAD70BD8291A58CB00C39863 /* SortType.swift in Sources */,
				E54D9C4628F1A19B00D028B2 /* BookmarkViewModel.swift in Sources */,
				9CDBFCD1296C331C00357474 /* SettingConfig.swift in Sources */,
				E54D9C4828F1A1A300D028B2 /* BookmarkVC.swift in Sources */,
				E55BEBE128D6A82400804FCB /* SearchBar.swift in Sources */,
				E5467E4A28D45DF40031B785 /* TopCurveView.swift in Sources */,
				A5B69C3C29600A1000052D2B /* UIFont+.swift in Sources */,
				E51669F029338593006C9635 /* LoadingCell.swift in Sources */,
				A57D32E428EDBA0200944C7E /* OnboardingViewModel.swift in Sources */,
				BAA0F53128FCF88300B632AC /* BaseCoordinator.swift in Sources */,
				BAA0581028D36F75000CDD11 /* BaseViewController.swift in Sources */,
				BA9EBC16294A04E500167970 /* Encodable+.swift in Sources */,
				9CCFA4FE28F4585E00963A95 /* EventType.swift in Sources */,
				E59041DE2928FB8100135ECA /* SaleTypeView.swift in Sources */,
			);
			runOnlyForDeploymentPostprocessing = 0;
		};
/* End PBXSourcesBuildPhase section */

/* Begin PBXVariantGroup section */
		E505D9F528CF5B4B00EEFC65 /* LaunchScreen.storyboard */ = {
			isa = PBXVariantGroup;
			children = (
				E505D9F628CF5B4B00EEFC65 /* Base */,
			);
			name = LaunchScreen.storyboard;
			sourceTree = "<group>";
		};
/* End PBXVariantGroup section */

/* Begin XCBuildConfiguration section */
		E505D9F928CF5B4B00EEFC65 /* Debug */ = {
			isa = XCBuildConfiguration;
			buildSettings = {
				ALWAYS_SEARCH_USER_PATHS = NO;
				CLANG_ANALYZER_NONNULL = YES;
				CLANG_ANALYZER_NUMBER_OBJECT_CONVERSION = YES_AGGRESSIVE;
				CLANG_CXX_LANGUAGE_STANDARD = "gnu++17";
				CLANG_ENABLE_MODULES = YES;
				CLANG_ENABLE_OBJC_ARC = YES;
				CLANG_ENABLE_OBJC_WEAK = YES;
				CLANG_WARN_BLOCK_CAPTURE_AUTORELEASING = YES;
				CLANG_WARN_BOOL_CONVERSION = YES;
				CLANG_WARN_COMMA = YES;
				CLANG_WARN_CONSTANT_CONVERSION = YES;
				CLANG_WARN_DEPRECATED_OBJC_IMPLEMENTATIONS = YES;
				CLANG_WARN_DIRECT_OBJC_ISA_USAGE = YES_ERROR;
				CLANG_WARN_DOCUMENTATION_COMMENTS = YES;
				CLANG_WARN_EMPTY_BODY = YES;
				CLANG_WARN_ENUM_CONVERSION = YES;
				CLANG_WARN_INFINITE_RECURSION = YES;
				CLANG_WARN_INT_CONVERSION = YES;
				CLANG_WARN_NON_LITERAL_NULL_CONVERSION = YES;
				CLANG_WARN_OBJC_IMPLICIT_RETAIN_SELF = YES;
				CLANG_WARN_OBJC_LITERAL_CONVERSION = YES;
				CLANG_WARN_OBJC_ROOT_CLASS = YES_ERROR;
				CLANG_WARN_QUOTED_INCLUDE_IN_FRAMEWORK_HEADER = YES;
				CLANG_WARN_RANGE_LOOP_ANALYSIS = YES;
				CLANG_WARN_STRICT_PROTOTYPES = YES;
				CLANG_WARN_SUSPICIOUS_MOVE = YES;
				CLANG_WARN_UNGUARDED_AVAILABILITY = YES_AGGRESSIVE;
				CLANG_WARN_UNREACHABLE_CODE = YES;
				CLANG_WARN__DUPLICATE_METHOD_MATCH = YES;
				COPY_PHASE_STRIP = NO;
				DEBUG_INFORMATION_FORMAT = dwarf;
				ENABLE_STRICT_OBJC_MSGSEND = YES;
				ENABLE_TESTABILITY = YES;
				GCC_C_LANGUAGE_STANDARD = gnu11;
				GCC_DYNAMIC_NO_PIC = NO;
				GCC_NO_COMMON_BLOCKS = YES;
				GCC_OPTIMIZATION_LEVEL = 0;
				GCC_PREPROCESSOR_DEFINITIONS = (
					"DEBUG=1",
					"$(inherited)",
				);
				GCC_WARN_64_TO_32_BIT_CONVERSION = YES;
				GCC_WARN_ABOUT_RETURN_TYPE = YES_ERROR;
				GCC_WARN_UNDECLARED_SELECTOR = YES;
				GCC_WARN_UNINITIALIZED_AUTOS = YES_AGGRESSIVE;
				GCC_WARN_UNUSED_FUNCTION = YES;
				GCC_WARN_UNUSED_VARIABLE = YES;
				IPHONEOS_DEPLOYMENT_TARGET = 15.5;
				MTL_ENABLE_DEBUG_INFO = INCLUDE_SOURCE;
				MTL_FAST_MATH = YES;
				ONLY_ACTIVE_ARCH = YES;
				SDKROOT = iphoneos;
				SWIFT_ACTIVE_COMPILATION_CONDITIONS = DEBUG;
				SWIFT_OPTIMIZATION_LEVEL = "-Onone";
			};
			name = Debug;
		};
		E505D9FA28CF5B4B00EEFC65 /* Release */ = {
			isa = XCBuildConfiguration;
			buildSettings = {
				ALWAYS_SEARCH_USER_PATHS = NO;
				CLANG_ANALYZER_NONNULL = YES;
				CLANG_ANALYZER_NUMBER_OBJECT_CONVERSION = YES_AGGRESSIVE;
				CLANG_CXX_LANGUAGE_STANDARD = "gnu++17";
				CLANG_ENABLE_MODULES = YES;
				CLANG_ENABLE_OBJC_ARC = YES;
				CLANG_ENABLE_OBJC_WEAK = YES;
				CLANG_WARN_BLOCK_CAPTURE_AUTORELEASING = YES;
				CLANG_WARN_BOOL_CONVERSION = YES;
				CLANG_WARN_COMMA = YES;
				CLANG_WARN_CONSTANT_CONVERSION = YES;
				CLANG_WARN_DEPRECATED_OBJC_IMPLEMENTATIONS = YES;
				CLANG_WARN_DIRECT_OBJC_ISA_USAGE = YES_ERROR;
				CLANG_WARN_DOCUMENTATION_COMMENTS = YES;
				CLANG_WARN_EMPTY_BODY = YES;
				CLANG_WARN_ENUM_CONVERSION = YES;
				CLANG_WARN_INFINITE_RECURSION = YES;
				CLANG_WARN_INT_CONVERSION = YES;
				CLANG_WARN_NON_LITERAL_NULL_CONVERSION = YES;
				CLANG_WARN_OBJC_IMPLICIT_RETAIN_SELF = YES;
				CLANG_WARN_OBJC_LITERAL_CONVERSION = YES;
				CLANG_WARN_OBJC_ROOT_CLASS = YES_ERROR;
				CLANG_WARN_QUOTED_INCLUDE_IN_FRAMEWORK_HEADER = YES;
				CLANG_WARN_RANGE_LOOP_ANALYSIS = YES;
				CLANG_WARN_STRICT_PROTOTYPES = YES;
				CLANG_WARN_SUSPICIOUS_MOVE = YES;
				CLANG_WARN_UNGUARDED_AVAILABILITY = YES_AGGRESSIVE;
				CLANG_WARN_UNREACHABLE_CODE = YES;
				CLANG_WARN__DUPLICATE_METHOD_MATCH = YES;
				COPY_PHASE_STRIP = NO;
				DEBUG_INFORMATION_FORMAT = "dwarf-with-dsym";
				ENABLE_NS_ASSERTIONS = NO;
				ENABLE_STRICT_OBJC_MSGSEND = YES;
				GCC_C_LANGUAGE_STANDARD = gnu11;
				GCC_NO_COMMON_BLOCKS = YES;
				GCC_WARN_64_TO_32_BIT_CONVERSION = YES;
				GCC_WARN_ABOUT_RETURN_TYPE = YES_ERROR;
				GCC_WARN_UNDECLARED_SELECTOR = YES;
				GCC_WARN_UNINITIALIZED_AUTOS = YES_AGGRESSIVE;
				GCC_WARN_UNUSED_FUNCTION = YES;
				GCC_WARN_UNUSED_VARIABLE = YES;
				IPHONEOS_DEPLOYMENT_TARGET = 15.5;
				MTL_ENABLE_DEBUG_INFO = NO;
				MTL_FAST_MATH = YES;
				SDKROOT = iphoneos;
				SWIFT_COMPILATION_MODE = wholemodule;
				SWIFT_OPTIMIZATION_LEVEL = "-O";
				VALIDATE_PRODUCT = YES;
			};
			name = Release;
		};
		E505D9FC28CF5B4B00EEFC65 /* Debug */ = {
			isa = XCBuildConfiguration;
			buildSettings = {
				ASSETCATALOG_COMPILER_APPICON_NAME = AppIcon;
				ASSETCATALOG_COMPILER_GLOBAL_ACCENT_COLOR_NAME = AccentColor;
				CODE_SIGN_IDENTITY = "Apple Development";
				CODE_SIGN_STYLE = Automatic;
				CURRENT_PROJECT_VERSION = 1;
				DEVELOPMENT_TEAM = 2ZQR76M3UH;
				GENERATE_INFOPLIST_FILE = YES;
				INFOPLIST_FILE = PPAK_CVS/Info.plist;
				INFOPLIST_KEY_CFBundleDisplayName = "편행";
				INFOPLIST_KEY_NSPhotoLibraryAddUsageDescription = "사진첩에 이미지를 저장할 수 있습니다.";
				INFOPLIST_KEY_UIApplicationSupportsIndirectInputEvents = YES;
				INFOPLIST_KEY_UILaunchStoryboardName = LaunchScreen;
				INFOPLIST_KEY_UISupportedInterfaceOrientations = UIInterfaceOrientationPortrait;
				INFOPLIST_KEY_UISupportedInterfaceOrientations_iPad = "UIInterfaceOrientationLandscapeLeft UIInterfaceOrientationLandscapeRight UIInterfaceOrientationPortrait UIInterfaceOrientationPortraitUpsideDown";
				INFOPLIST_KEY_UIUserInterfaceStyle = Light;
				LD_RUNPATH_SEARCH_PATHS = (
					"$(inherited)",
					"@executable_path/Frameworks",
				);
				MARKETING_VERSION = 1.0.0;
				PRODUCT_BUNDLE_IDENTIFIER = com.sfam.pyeonhaeng;
				PRODUCT_NAME = "$(TARGET_NAME)";
				PROVISIONING_PROFILE_SPECIFIER = "";
				SUPPORTED_PLATFORMS = "iphoneos iphonesimulator";
				SUPPORTS_MACCATALYST = NO;
				SUPPORTS_MAC_DESIGNED_FOR_IPHONE_IPAD = NO;
				SWIFT_EMIT_LOC_STRINGS = YES;
				SWIFT_VERSION = 5.0;
				TARGETED_DEVICE_FAMILY = 1;
			};
			name = Debug;
		};
		E505D9FD28CF5B4B00EEFC65 /* Release */ = {
			isa = XCBuildConfiguration;
			buildSettings = {
				ASSETCATALOG_COMPILER_APPICON_NAME = AppIcon;
				ASSETCATALOG_COMPILER_GLOBAL_ACCENT_COLOR_NAME = AccentColor;
				CODE_SIGN_IDENTITY = "Apple Development";
				CODE_SIGN_STYLE = Automatic;
				CURRENT_PROJECT_VERSION = 1;
				DEVELOPMENT_TEAM = 2ZQR76M3UH;
				GENERATE_INFOPLIST_FILE = YES;
				INFOPLIST_FILE = PPAK_CVS/Info.plist;
				INFOPLIST_KEY_CFBundleDisplayName = "편행";
				INFOPLIST_KEY_NSPhotoLibraryAddUsageDescription = "사진첩에 이미지를 저장할 수 있습니다.";
				INFOPLIST_KEY_UIApplicationSupportsIndirectInputEvents = YES;
				INFOPLIST_KEY_UILaunchStoryboardName = LaunchScreen;
				INFOPLIST_KEY_UISupportedInterfaceOrientations = UIInterfaceOrientationPortrait;
				INFOPLIST_KEY_UISupportedInterfaceOrientations_iPad = "UIInterfaceOrientationLandscapeLeft UIInterfaceOrientationLandscapeRight UIInterfaceOrientationPortrait UIInterfaceOrientationPortraitUpsideDown";
				INFOPLIST_KEY_UIUserInterfaceStyle = Light;
				LD_RUNPATH_SEARCH_PATHS = (
					"$(inherited)",
					"@executable_path/Frameworks",
				);
				MARKETING_VERSION = 1.0.0;
				PRODUCT_BUNDLE_IDENTIFIER = com.sfam.pyeonhaeng;
				PRODUCT_NAME = "$(TARGET_NAME)";
				PROVISIONING_PROFILE_SPECIFIER = "";
				SUPPORTED_PLATFORMS = "iphoneos iphonesimulator";
				SUPPORTS_MACCATALYST = NO;
				SUPPORTS_MAC_DESIGNED_FOR_IPHONE_IPAD = NO;
				SWIFT_EMIT_LOC_STRINGS = YES;
				SWIFT_VERSION = 5.0;
				TARGETED_DEVICE_FAMILY = 1;
			};
			name = Release;
		};
/* End XCBuildConfiguration section */

/* Begin XCConfigurationList section */
		E505D9E228CF5B4A00EEFC65 /* Build configuration list for PBXProject "PPAK_CVS" */ = {
			isa = XCConfigurationList;
			buildConfigurations = (
				E505D9F928CF5B4B00EEFC65 /* Debug */,
				E505D9FA28CF5B4B00EEFC65 /* Release */,
			);
			defaultConfigurationIsVisible = 0;
			defaultConfigurationName = Release;
		};
		E505D9FB28CF5B4B00EEFC65 /* Build configuration list for PBXNativeTarget "PPAK_CVS" */ = {
			isa = XCConfigurationList;
			buildConfigurations = (
				E505D9FC28CF5B4B00EEFC65 /* Debug */,
				E505D9FD28CF5B4B00EEFC65 /* Release */,
			);
			defaultConfigurationIsVisible = 0;
			defaultConfigurationName = Release;
		};
/* End XCConfigurationList section */

/* Begin XCRemoteSwiftPackageReference section */
		A5932E9E28E0435200457AD3 /* XCRemoteSwiftPackageReference "lottie-ios" */ = {
			isa = XCRemoteSwiftPackageReference;
			repositoryURL = "https://github.com/airbnb/lottie-ios.git";
			requirement = {
				kind = upToNextMajorVersion;
				minimumVersion = 3.0.0;
			};
		};
		BA1CCAC028FAFE500002FD8C /* XCRemoteSwiftPackageReference "WeakMapTable" */ = {
			isa = XCRemoteSwiftPackageReference;
			repositoryURL = "https://github.com/ReactorKit/WeakMapTable";
			requirement = {
				branch = master;
				kind = branch;
			};
		};
		BA27023728CF60570039D9EA /* XCRemoteSwiftPackageReference "SnapKit" */ = {
			isa = XCRemoteSwiftPackageReference;
			repositoryURL = "https://github.com/SnapKit/SnapKit";
			requirement = {
				branch = main;
				kind = branch;
			};
		};
		BA27023A28CF606A0039D9EA /* XCRemoteSwiftPackageReference "Then" */ = {
			isa = XCRemoteSwiftPackageReference;
			repositoryURL = "https://github.com/devxoul/Then";
			requirement = {
				branch = master;
				kind = branch;
			};
		};
		BA27023D28CF60830039D9EA /* XCRemoteSwiftPackageReference "Alamofire" */ = {
			isa = XCRemoteSwiftPackageReference;
			repositoryURL = "https://github.com/Alamofire/Alamofire";
			requirement = {
				branch = master;
				kind = branch;
			};
		};
		BA27024028CF60A30039D9EA /* XCRemoteSwiftPackageReference "RxSwift" */ = {
			isa = XCRemoteSwiftPackageReference;
			repositoryURL = "https://github.com/ReactiveX/RxSwift";
			requirement = {
				branch = main;
				kind = branch;
			};
		};
		BA27024528CF61020039D9EA /* XCRemoteSwiftPackageReference "Kingfisher" */ = {
			isa = XCRemoteSwiftPackageReference;
			repositoryURL = "https://github.com/onevcat/Kingfisher.git";
			requirement = {
				branch = master;
				kind = branch;
			};
		};
		E5564B82295D401B00BDB7EE /* XCRemoteSwiftPackageReference "RxOptional" */ = {
			isa = XCRemoteSwiftPackageReference;
			repositoryURL = "https://github.com/RxSwiftCommunity/RxOptional.git";
			requirement = {
				kind = upToNextMinorVersion;
				minimumVersion = 4.1.0;
			};
		};
		E5F9CCA028EF10EA0084CD63 /* XCRemoteSwiftPackageReference "RxGesture" */ = {
			isa = XCRemoteSwiftPackageReference;
			repositoryURL = "https://github.com/RxSwiftCommunity/RxGesture.git";
			requirement = {
				kind = upToNextMinorVersion;
				minimumVersion = 4.0.0;
			};
		};
/* End XCRemoteSwiftPackageReference section */

/* Begin XCSwiftPackageProductDependency section */
		A5932E9F28E0435200457AD3 /* Lottie */ = {
			isa = XCSwiftPackageProductDependency;
			package = A5932E9E28E0435200457AD3 /* XCRemoteSwiftPackageReference "lottie-ios" */;
			productName = Lottie;
		};
		BA1CCAC128FAFE500002FD8C /* WeakMapTable */ = {
			isa = XCSwiftPackageProductDependency;
			package = BA1CCAC028FAFE500002FD8C /* XCRemoteSwiftPackageReference "WeakMapTable" */;
			productName = WeakMapTable;
		};
		BA27023828CF60570039D9EA /* SnapKit */ = {
			isa = XCSwiftPackageProductDependency;
			package = BA27023728CF60570039D9EA /* XCRemoteSwiftPackageReference "SnapKit" */;
			productName = SnapKit;
		};
		BA27023B28CF606A0039D9EA /* Then */ = {
			isa = XCSwiftPackageProductDependency;
			package = BA27023A28CF606A0039D9EA /* XCRemoteSwiftPackageReference "Then" */;
			productName = Then;
		};
		BA27023E28CF60830039D9EA /* Alamofire */ = {
			isa = XCSwiftPackageProductDependency;
			package = BA27023D28CF60830039D9EA /* XCRemoteSwiftPackageReference "Alamofire" */;
			productName = Alamofire;
		};
		BA27024128CF60A30039D9EA /* RxCocoa */ = {
			isa = XCSwiftPackageProductDependency;
			package = BA27024028CF60A30039D9EA /* XCRemoteSwiftPackageReference "RxSwift" */;
			productName = RxCocoa;
		};
		BA27024328CF60A30039D9EA /* RxSwift */ = {
			isa = XCSwiftPackageProductDependency;
			package = BA27024028CF60A30039D9EA /* XCRemoteSwiftPackageReference "RxSwift" */;
			productName = RxSwift;
		};
		BA27024628CF61020039D9EA /* Kingfisher */ = {
			isa = XCSwiftPackageProductDependency;
			package = BA27024528CF61020039D9EA /* XCRemoteSwiftPackageReference "Kingfisher" */;
			productName = Kingfisher;
		};
		E5564B83295D401C00BDB7EE /* RxOptional */ = {
			isa = XCSwiftPackageProductDependency;
			package = E5564B82295D401B00BDB7EE /* XCRemoteSwiftPackageReference "RxOptional" */;
			productName = RxOptional;
		};
		E5F9CCA128EF10EA0084CD63 /* RxGesture */ = {
			isa = XCSwiftPackageProductDependency;
			package = E5F9CCA028EF10EA0084CD63 /* XCRemoteSwiftPackageReference "RxGesture" */;
			productName = RxGesture;
		};
/* End XCSwiftPackageProductDependency section */
	};
	rootObject = E505D9DF28CF5B4A00EEFC65 /* Project object */;
}
